// !$*UTF8*$!
{
	archiveVersion = 1;
	classes = {
	};
	objectVersion = 56;
	objects = {

/* Begin PBXBuildFile section */
		6B0253D82A4EFB0100567986 /* DarockKit in Frameworks */ = {isa = PBXBuildFile; productRef = 6B0253D72A4EFB0100567986 /* DarockKit */; };
		6B6DA6B72A0149EF00BBE6CA /* HistoryView.swift in Sources */ = {isa = PBXBuildFile; fileRef = 6B6DA6B62A0149EF00BBE6CA /* HistoryView.swift */; };
		6B7CA9052ABE7C05006FDCDA /* Localizable.xcstrings in Resources */ = {isa = PBXBuildFile; fileRef = 6B7CA9042ABE7C05006FDCDA /* Localizable.xcstrings */; };
		6BA7F7A02A2F6FC600FFEED0 /* SettingsView.swift in Sources */ = {isa = PBXBuildFile; fileRef = 6BA7F79F2A2F6FC600FFEED0 /* SettingsView.swift */; };
		6BF209EF2990E61C00E623FC /* DarockBrowser.app in Embed Watch Content */ = {isa = PBXBuildFile; fileRef = 6BF209EE2990E61C00E623FC /* DarockBrowser.app */; settings = {ATTRIBUTES = (RemoveHeadersOnCopy, ); }; };
		6BF209F42990E61C00E623FC /* WatchBrowserApp.swift in Sources */ = {isa = PBXBuildFile; fileRef = 6BF209F32990E61C00E623FC /* WatchBrowserApp.swift */; };
		6BF209F62990E61C00E623FC /* ContentView.swift in Sources */ = {isa = PBXBuildFile; fileRef = 6BF209F52990E61C00E623FC /* ContentView.swift */; };
		6BF209F82990E61E00E623FC /* Assets.xcassets in Resources */ = {isa = PBXBuildFile; fileRef = 6BF209F72990E61E00E623FC /* Assets.xcassets */; };
		6BF209FB2990E61E00E623FC /* Preview Assets.xcassets in Resources */ = {isa = PBXBuildFile; fileRef = 6BF209FA2990E61E00E623FC /* Preview Assets.xcassets */; };
		6BF20A0A299100AE00E623FC /* BookmarkView.swift in Sources */ = {isa = PBXBuildFile; fileRef = 6BF20A09299100AE00E623FC /* BookmarkView.swift */; };
		6BFFCC562A8A6CF3001175EE /* DarockKit in Frameworks */ = {isa = PBXBuildFile; productRef = 6BFFCC552A8A6CF3001175EE /* DarockKit */; };
		8C03B6E02C296338000770B4 /* NetworkCheckView.swift in Sources */ = {isa = PBXBuildFile; fileRef = 8C03B6DF2C296338000770B4 /* NetworkCheckView.swift */; };
		8C03B70E2C29B2CE000770B4 /* Localizable.xcstrings in Resources */ = {isa = PBXBuildFile; fileRef = 8C03B70D2C29B2CE000770B4 /* Localizable.xcstrings */; };
		8C1DED022C32AEBB0048A32A /* General.swift in Sources */ = {isa = PBXBuildFile; fileRef = 8C1DED012C32AEB00048A32A /* General.swift */; };
		8C52811C2C22FA3C00392315 /* TripleQuestionmarkCore.framework in Frameworks */ = {isa = PBXBuildFile; fileRef = 8C5281162C22FA3C00392315 /* TripleQuestionmarkCore.framework */; };
		8C52811D2C22FA3C00392315 /* TripleQuestionmarkCore.framework in Embed Frameworks */ = {isa = PBXBuildFile; fileRef = 8C5281162C22FA3C00392315 /* TripleQuestionmarkCore.framework */; settings = {ATTRIBUTES = (CodeSignOnCopy, RemoveHeadersOnCopy, ); }; };
		8C5281252C22FA5600392315 /* ___KawaiiChieriChan.drkdatau in Resources */ = {isa = PBXBuildFile; fileRef = 8C5281232C22FA5600392315 /* ___KawaiiChieriChan.drkdatau */; };
		8C5281262C22FA5600392315 /* ___0721NeneChan.drkdatau in Resources */ = {isa = PBXBuildFile; fileRef = 8C5281222C22FA5600392315 /* ___0721NeneChan.drkdatau */; };
		8C5281272C22FA5600392315 /* TripleQuestionmarkCore.h in Headers */ = {isa = PBXBuildFile; fileRef = 8C5281242C22FA5600392315 /* TripleQuestionmarkCore.h */; };
		8C5281292C23457F00392315 /* TipsView.swift in Sources */ = {isa = PBXBuildFile; fileRef = 8C5281282C23457F00392315 /* TipsView.swift */; };
		8C52812B2C25A07A00392315 /* TQCViews.swift in Sources */ = {isa = PBXBuildFile; fileRef = 8C52812A2C25A07A00392315 /* TQCViews.swift */; };
		8C547AF92C31E11E0093D592 /* ___YoutouMurasameChan.drkdatau in Resources */ = {isa = PBXBuildFile; fileRef = 8C547AF82C31E0FD0093D592 /* ___YoutouMurasameChan.drkdatau */; };
		8C547B012C3296D40093D592 /* DarockBrowserUnitTests.swift in Sources */ = {isa = PBXBuildFile; fileRef = 8C547B002C3296D40093D592 /* DarockBrowserUnitTests.swift */; };
		8C5869C82C3165E400A18923 /* Intents.intentdefinition in Sources */ = {isa = PBXBuildFile; fileRef = 8C5869C72C3165E400A18923 /* Intents.intentdefinition */; };
		8C5869CF2C316A2100A18923 /* Intents.framework in Frameworks */ = {isa = PBXBuildFile; fileRef = 8C5869CE2C316A2100A18923 /* Intents.framework */; };
		8C5869D22C316A2100A18923 /* IntentHandler.swift in Sources */ = {isa = PBXBuildFile; fileRef = 8C5869D12C316A2100A18923 /* IntentHandler.swift */; };
		8C5869D62C316A2100A18923 /* DarockBrowser Intents.appex in Embed Foundation Extensions */ = {isa = PBXBuildFile; fileRef = 8C5869CD2C316A2100A18923 /* DarockBrowser Intents.appex */; settings = {ATTRIBUTES = (RemoveHeadersOnCopy, ); }; };
		8C5869DA2C316C3E00A18923 /* Intents.intentdefinition in Sources */ = {isa = PBXBuildFile; fileRef = 8C5869C72C3165E400A18923 /* Intents.intentdefinition */; };
		8C5D64802C1D9D7C008E591B /* Cepheus in Frameworks */ = {isa = PBXBuildFile; productRef = 8C5D647F2C1D9D7C008E591B /* Cepheus */; };
		8C5D64832C1D9D9C008E591B /* MarkdownUI in Frameworks */ = {isa = PBXBuildFile; productRef = 8C5D64822C1D9D9C008E591B /* MarkdownUI */; };
		8C6D86792C10C6A70089CE67 /* LaboratoryView.swift in Sources */ = {isa = PBXBuildFile; fileRef = 8C6D86782C10C6A70089CE67 /* LaboratoryView.swift */; };
		8C6D867B2C10CA680089CE67 /* BrowsingTabsView.swift in Sources */ = {isa = PBXBuildFile; fileRef = 8C6D867A2C10CA680089CE67 /* BrowsingTabsView.swift */; };
		8C6E11DD2BDBF464005420C0 /* NewFeaturesView.swift in Sources */ = {isa = PBXBuildFile; fileRef = 8C6E11DC2BDBF464005420C0 /* NewFeaturesView.swift */; };
		8C6E11DF2BDC029E005420C0 /* WEBackSwift.swift in Sources */ = {isa = PBXBuildFile; fileRef = 8C6E11DE2BDC029E005420C0 /* WEBackSwift.swift */; };
		8C6E11E12BDC0638005420C0 /* WebArchiveListView.swift in Sources */ = {isa = PBXBuildFile; fileRef = 8C6E11E02BDC0638005420C0 /* WebArchiveListView.swift */; };
		8C7C4D3E2C2C999F00FD282B /* HYWenHei.ttf in Resources */ = {isa = PBXBuildFile; fileRef = 8CCF13F32C20B31700F5E0D7 /* HYWenHei.ttf */; };
		8C7C4D412C2D87B300FD282B /* EPUBKit in Frameworks */ = {isa = PBXBuildFile; productRef = 8C7C4D402C2D87B300FD282B /* EPUBKit */; };
		8C7C4D432C2D898700FD282B /* BookListView.swift in Sources */ = {isa = PBXBuildFile; fileRef = 8C7C4D422C2D898700FD282B /* BookListView.swift */; };
		8C894B222BE7569300768B59 /* ExtKeyboardView.swift in Sources */ = {isa = PBXBuildFile; fileRef = 8C894B212BE7569300768B59 /* ExtKeyboardView.swift */; };
		8C96E34B2C15901400751FAF /* DAssistAdView.swift in Sources */ = {isa = PBXBuildFile; fileRef = 8C96E34A2C15901400751FAF /* DAssistAdView.swift */; };
		8CA1E0C02C13DD620092DFCA /* DarockBrowserUITests.swift in Sources */ = {isa = PBXBuildFile; fileRef = 8CA1E0BF2C13DD620092DFCA /* DarockBrowserUITests.swift */; };
		8CA370E32B835AAD00CE0E9E /* NumberPadExt.swift in Sources */ = {isa = PBXBuildFile; fileRef = 8CA370E22B835AAD00CE0E9E /* NumberPadExt.swift */; };
		8CA4537B2AE3C5F600138CE4 /* EFQRCode in Frameworks */ = {isa = PBXBuildFile; productRef = 8CA4537A2AE3C5F600138CE4 /* EFQRCode */; };
		8CA4537D2AE3C63900138CE4 /* MLTestsView.swift in Sources */ = {isa = PBXBuildFile; fileRef = 8CA4537C2AE3C63900138CE4 /* MLTestsView.swift */; };
		8CA7B8392BE397D1004643FE /* UserScriptsView.swift in Sources */ = {isa = PBXBuildFile; fileRef = 8CA7B8382BE397D1004643FE /* UserScriptsView.swift */; };
		8CA7B8492BE3DF47004643FE /* ImageListView.swift in Sources */ = {isa = PBXBuildFile; fileRef = 8CA7B8482BE3DF47004643FE /* ImageListView.swift */; };
		8CA7B84C2BE3E025004643FE /* SDWebImageSwiftUI in Frameworks */ = {isa = PBXBuildFile; productRef = 8CA7B84B2BE3E025004643FE /* SDWebImageSwiftUI */; };
		8CA7B84F2BE3E053004643FE /* SDWebImageWebPCoder in Frameworks */ = {isa = PBXBuildFile; productRef = 8CA7B84E2BE3E053004643FE /* SDWebImageWebPCoder */; };
		8CA7B8522BE3E078004643FE /* SDWebImageSVGCoder in Frameworks */ = {isa = PBXBuildFile; productRef = 8CA7B8512BE3E078004643FE /* SDWebImageSVGCoder */; };
		8CAC41BB2BEFF32300CE9278 /* SupportsUICore in Frameworks */ = {isa = PBXBuildFile; productRef = 8CAC41BA2BEFF32300CE9278 /* SupportsUICore */; };
		8CAF38F72BD4F960006B9B16 /* SwiftSoup in Frameworks */ = {isa = PBXBuildFile; productRef = 8CAF38F62BD4F960006B9B16 /* SwiftSoup */; };
		8CAF38F92BD4FC95006B9B16 /* VideoListView.swift in Sources */ = {isa = PBXBuildFile; fileRef = 8CAF38F82BD4FC95006B9B16 /* VideoListView.swift */; };
		8CB0189A2BDBC5C500982644 /* WESwiftDelegate.swift in Sources */ = {isa = PBXBuildFile; fileRef = 8CB018992BDBC5C500982644 /* WESwiftDelegate.swift */; };
		8CB0D0202B889F3D0057EF1C /* FeedbackView.swift in Sources */ = {isa = PBXBuildFile; fileRef = 8CB0D01F2B889F3D0057EF1C /* FeedbackView.swift */; };
		8CB349F52C32BF5100CB6AC3 /* Vela in Frameworks */ = {isa = PBXBuildFile; productRef = 8CB349F42C32BF5100CB6AC3 /* Vela */; };
		8CB803CC2BD3D776009B2FAC /* Dynamic in Frameworks */ = {isa = PBXBuildFile; productRef = 8CB803CB2BD3D776009B2FAC /* Dynamic */; };
		8CB803D02BD3DCE4009B2FAC /* WebExtension.m in Sources */ = {isa = PBXBuildFile; fileRef = 8CB803CF2BD3DCE4009B2FAC /* WebExtension.m */; };
		8CB803D42BD3E6D1009B2FAC /* AdvancedWebView.swift in Sources */ = {isa = PBXBuildFile; fileRef = 8CB803D32BD3E6D1009B2FAC /* AdvancedWebView.swift */; };
		8CCF13F22C20A4FF00F5E0D7 /* DarockAccountsUI.swift in Sources */ = {isa = PBXBuildFile; fileRef = 8CCF13F12C20A4FF00F5E0D7 /* DarockAccountsUI.swift */; };
		8CF5DC4F2BAE04D5007F9974 /* ShareView.swift in Sources */ = {isa = PBXBuildFile; fileRef = 8CF5DC4E2BAE04D5007F9974 /* ShareView.swift */; };
		E25EA8382B70ABEF00BFEC6E /* InfoPlist.strings in Resources */ = {isa = PBXBuildFile; fileRef = E25EA83A2B70ABEF00BFEC6E /* InfoPlist.strings */; };
		E296FE022A459C5D00331BD4 /* BulletinView.swift in Sources */ = {isa = PBXBuildFile; fileRef = E296FE012A459C5D00331BD4 /* BulletinView.swift */; };
/* End PBXBuildFile section */

/* Begin PBXContainerItemProxy section */
		6BF209F02990E61C00E623FC /* PBXContainerItemProxy */ = {
			isa = PBXContainerItemProxy;
			containerPortal = 6BF209E22990E61C00E623FC /* Project object */;
			proxyType = 1;
			remoteGlobalIDString = 6BF209ED2990E61C00E623FC;
			remoteInfo = "WatchBrowser Watch App";
		};
		8C52811A2C22FA3C00392315 /* PBXContainerItemProxy */ = {
			isa = PBXContainerItemProxy;
			containerPortal = 6BF209E22990E61C00E623FC /* Project object */;
			proxyType = 1;
			remoteGlobalIDString = 8C5281152C22FA3C00392315;
			remoteInfo = TripleQuestionmarkCore;
		};
		8C547B022C3296D40093D592 /* PBXContainerItemProxy */ = {
			isa = PBXContainerItemProxy;
			containerPortal = 6BF209E22990E61C00E623FC /* Project object */;
			proxyType = 1;
			remoteGlobalIDString = 6BF209ED2990E61C00E623FC;
			remoteInfo = "WatchBrowser Watch App";
		};
		8C5869D42C316A2100A18923 /* PBXContainerItemProxy */ = {
			isa = PBXContainerItemProxy;
			containerPortal = 6BF209E22990E61C00E623FC /* Project object */;
			proxyType = 1;
			remoteGlobalIDString = 8C5869CC2C316A2100A18923;
			remoteInfo = "DarockBrowser Intents";
		};
		8CA1E0C32C13DD620092DFCA /* PBXContainerItemProxy */ = {
			isa = PBXContainerItemProxy;
			containerPortal = 6BF209E22990E61C00E623FC /* Project object */;
			proxyType = 1;
			remoteGlobalIDString = 6BF209ED2990E61C00E623FC;
			remoteInfo = "WatchBrowser Watch App";
		};
/* End PBXContainerItemProxy section */

/* Begin PBXCopyFilesBuildPhase section */
		6BF20A012990E61E00E623FC /* Embed Watch Content */ = {
			isa = PBXCopyFilesBuildPhase;
			buildActionMask = 2147483647;
			dstPath = "$(CONTENTS_FOLDER_PATH)/Watch";
			dstSubfolderSpec = 16;
			files = (
				6BF209EF2990E61C00E623FC /* DarockBrowser.app in Embed Watch Content */,
			);
			name = "Embed Watch Content";
			runOnlyForDeploymentPostprocessing = 0;
		};
		6BFD15A52A305A4800CB9A1D /* Embed Foundation Extensions */ = {
			isa = PBXCopyFilesBuildPhase;
			buildActionMask = 2147483647;
			dstPath = "";
			dstSubfolderSpec = 13;
			files = (
				8C5869D62C316A2100A18923 /* DarockBrowser Intents.appex in Embed Foundation Extensions */,
			);
			name = "Embed Foundation Extensions";
			runOnlyForDeploymentPostprocessing = 0;
		};
		8C5281212C22FA3C00392315 /* Embed Frameworks */ = {
			isa = PBXCopyFilesBuildPhase;
			buildActionMask = 2147483647;
			dstPath = "";
			dstSubfolderSpec = 10;
			files = (
				8C52811D2C22FA3C00392315 /* TripleQuestionmarkCore.framework in Embed Frameworks */,
			);
			name = "Embed Frameworks";
			runOnlyForDeploymentPostprocessing = 0;
		};
/* End PBXCopyFilesBuildPhase section */

/* Begin PBXFileReference section */
		6B0253D92A4F02A500567986 /* PrivateBrowsingView.swift */ = {isa = PBXFileReference; lastKnownFileType = sourcecode.swift; path = PrivateBrowsingView.swift; sourceTree = "<group>"; };
		6B6DA6B62A0149EF00BBE6CA /* HistoryView.swift */ = {isa = PBXFileReference; lastKnownFileType = sourcecode.swift; path = HistoryView.swift; sourceTree = "<group>"; };
		6B7CA9042ABE7C05006FDCDA /* Localizable.xcstrings */ = {isa = PBXFileReference; lastKnownFileType = text.json.xcstrings; path = Localizable.xcstrings; sourceTree = "<group>"; };
		6BA7F79F2A2F6FC600FFEED0 /* SettingsView.swift */ = {isa = PBXFileReference; lastKnownFileType = sourcecode.swift; path = SettingsView.swift; sourceTree = "<group>"; };
		6BF209E82990E61C00E623FC /* DarockBrowser.app */ = {isa = PBXFileReference; explicitFileType = wrapper.application; includeInIndex = 0; path = DarockBrowser.app; sourceTree = BUILT_PRODUCTS_DIR; };
		6BF209EE2990E61C00E623FC /* DarockBrowser.app */ = {isa = PBXFileReference; explicitFileType = wrapper.application; includeInIndex = 0; path = DarockBrowser.app; sourceTree = BUILT_PRODUCTS_DIR; };
		6BF209F32990E61C00E623FC /* WatchBrowserApp.swift */ = {isa = PBXFileReference; lastKnownFileType = sourcecode.swift; path = WatchBrowserApp.swift; sourceTree = "<group>"; };
		6BF209F52990E61C00E623FC /* ContentView.swift */ = {isa = PBXFileReference; lastKnownFileType = sourcecode.swift; path = ContentView.swift; sourceTree = "<group>"; };
		6BF209F72990E61E00E623FC /* Assets.xcassets */ = {isa = PBXFileReference; lastKnownFileType = folder.assetcatalog; path = Assets.xcassets; sourceTree = "<group>"; };
		6BF209FA2990E61E00E623FC /* Preview Assets.xcassets */ = {isa = PBXFileReference; lastKnownFileType = folder.assetcatalog; path = "Preview Assets.xcassets"; sourceTree = "<group>"; };
		6BF20A09299100AE00E623FC /* BookmarkView.swift */ = {isa = PBXFileReference; lastKnownFileType = sourcecode.swift; path = BookmarkView.swift; sourceTree = "<group>"; };
		8C03B6DF2C296338000770B4 /* NetworkCheckView.swift */ = {isa = PBXFileReference; lastKnownFileType = sourcecode.swift; path = NetworkCheckView.swift; sourceTree = "<group>"; };
		8C03B70B2C29B201000770B4 /* ja */ = {isa = PBXFileReference; lastKnownFileType = text.plist.strings; name = ja; path = ja.lproj/InfoPlist.strings; sourceTree = "<group>"; };
		8C03B70C2C29B20B000770B4 /* zh-Hant */ = {isa = PBXFileReference; lastKnownFileType = text.plist.strings; name = "zh-Hant"; path = "zh-Hant.lproj/InfoPlist.strings"; sourceTree = "<group>"; };
		8C03B70D2C29B2CE000770B4 /* Localizable.xcstrings */ = {isa = PBXFileReference; lastKnownFileType = text.json.xcstrings; path = Localizable.xcstrings; sourceTree = "<group>"; };
		8C1DED012C32AEB00048A32A /* General.swift */ = {isa = PBXFileReference; lastKnownFileType = sourcecode.swift; path = General.swift; sourceTree = "<group>"; };
		8C5281162C22FA3C00392315 /* TripleQuestionmarkCore.framework */ = {isa = PBXFileReference; explicitFileType = wrapper.framework; includeInIndex = 0; path = TripleQuestionmarkCore.framework; sourceTree = BUILT_PRODUCTS_DIR; };
		8C5281222C22FA5600392315 /* ___0721NeneChan.drkdatau */ = {isa = PBXFileReference; lastKnownFileType = text; path = "___0721NeneChan.drkdatau"; sourceTree = "<group>"; };
		8C5281232C22FA5600392315 /* ___KawaiiChieriChan.drkdatau */ = {isa = PBXFileReference; lastKnownFileType = text; path = "___KawaiiChieriChan.drkdatau"; sourceTree = "<group>"; };
		8C5281242C22FA5600392315 /* TripleQuestionmarkCore.h */ = {isa = PBXFileReference; lastKnownFileType = sourcecode.c.h; path = TripleQuestionmarkCore.h; sourceTree = "<group>"; };
		8C5281282C23457F00392315 /* TipsView.swift */ = {isa = PBXFileReference; lastKnownFileType = sourcecode.swift; path = TipsView.swift; sourceTree = "<group>"; };
		8C52812A2C25A07A00392315 /* TQCViews.swift */ = {isa = PBXFileReference; lastKnownFileType = sourcecode.swift; path = TQCViews.swift; sourceTree = "<group>"; };
		8C547AF82C31E0FD0093D592 /* ___YoutouMurasameChan.drkdatau */ = {isa = PBXFileReference; lastKnownFileType = text; path = "___YoutouMurasameChan.drkdatau"; sourceTree = "<group>"; };
		8C547AFE2C3296D40093D592 /* DarockBrowserUnitTests.xctest */ = {isa = PBXFileReference; explicitFileType = wrapper.cfbundle; includeInIndex = 0; path = DarockBrowserUnitTests.xctest; sourceTree = BUILT_PRODUCTS_DIR; };
		8C547B002C3296D40093D592 /* DarockBrowserUnitTests.swift */ = {isa = PBXFileReference; lastKnownFileType = sourcecode.swift; path = DarockBrowserUnitTests.swift; sourceTree = "<group>"; };
		8C5869C72C3165E400A18923 /* Intents.intentdefinition */ = {isa = PBXFileReference; lastKnownFileType = file.intentdefinition; path = Intents.intentdefinition; sourceTree = "<group>"; };
		8C5869CD2C316A2100A18923 /* DarockBrowser Intents.appex */ = {isa = PBXFileReference; explicitFileType = "wrapper.app-extension"; includeInIndex = 0; path = "DarockBrowser Intents.appex"; sourceTree = BUILT_PRODUCTS_DIR; };
		8C5869CE2C316A2100A18923 /* Intents.framework */ = {isa = PBXFileReference; lastKnownFileType = wrapper.framework; name = Intents.framework; path = System/Library/Frameworks/Intents.framework; sourceTree = SDKROOT; };
		8C5869D12C316A2100A18923 /* IntentHandler.swift */ = {isa = PBXFileReference; lastKnownFileType = sourcecode.swift; path = IntentHandler.swift; sourceTree = "<group>"; };
		8C5869D32C316A2100A18923 /* Info.plist */ = {isa = PBXFileReference; lastKnownFileType = text.plist.xml; path = Info.plist; sourceTree = "<group>"; };
		8C6D86782C10C6A70089CE67 /* LaboratoryView.swift */ = {isa = PBXFileReference; lastKnownFileType = sourcecode.swift; path = LaboratoryView.swift; sourceTree = "<group>"; };
		8C6D867A2C10CA680089CE67 /* BrowsingTabsView.swift */ = {isa = PBXFileReference; lastKnownFileType = sourcecode.swift; path = BrowsingTabsView.swift; sourceTree = "<group>"; };
		8C6E11DC2BDBF464005420C0 /* NewFeaturesView.swift */ = {isa = PBXFileReference; lastKnownFileType = sourcecode.swift; path = NewFeaturesView.swift; sourceTree = "<group>"; };
		8C6E11DE2BDC029E005420C0 /* WEBackSwift.swift */ = {isa = PBXFileReference; lastKnownFileType = sourcecode.swift; path = WEBackSwift.swift; sourceTree = "<group>"; };
		8C6E11E02BDC0638005420C0 /* WebArchiveListView.swift */ = {isa = PBXFileReference; lastKnownFileType = sourcecode.swift; path = WebArchiveListView.swift; sourceTree = "<group>"; };
		8C7C4D422C2D898700FD282B /* BookListView.swift */ = {isa = PBXFileReference; lastKnownFileType = sourcecode.swift; path = BookListView.swift; sourceTree = "<group>"; };
		8C894B212BE7569300768B59 /* ExtKeyboardView.swift */ = {isa = PBXFileReference; lastKnownFileType = sourcecode.swift; path = ExtKeyboardView.swift; sourceTree = "<group>"; };
		8C96E34A2C15901400751FAF /* DAssistAdView.swift */ = {isa = PBXFileReference; lastKnownFileType = sourcecode.swift; path = DAssistAdView.swift; sourceTree = "<group>"; };
		8CA1E0BD2C13DD620092DFCA /* DarockBrowserUITests.xctest */ = {isa = PBXFileReference; explicitFileType = wrapper.cfbundle; includeInIndex = 0; path = DarockBrowserUITests.xctest; sourceTree = BUILT_PRODUCTS_DIR; };
		8CA1E0BF2C13DD620092DFCA /* DarockBrowserUITests.swift */ = {isa = PBXFileReference; lastKnownFileType = sourcecode.swift; path = DarockBrowserUITests.swift; sourceTree = "<group>"; };
		8CA370E22B835AAD00CE0E9E /* NumberPadExt.swift */ = {isa = PBXFileReference; lastKnownFileType = sourcecode.swift; path = NumberPadExt.swift; sourceTree = "<group>"; };
		8CA4537C2AE3C63900138CE4 /* MLTestsView.swift */ = {isa = PBXFileReference; lastKnownFileType = sourcecode.swift; path = MLTestsView.swift; sourceTree = "<group>"; };
		8CA7B8382BE397D1004643FE /* UserScriptsView.swift */ = {isa = PBXFileReference; lastKnownFileType = sourcecode.swift; path = UserScriptsView.swift; sourceTree = "<group>"; };
		8CA7B8482BE3DF47004643FE /* ImageListView.swift */ = {isa = PBXFileReference; lastKnownFileType = sourcecode.swift; path = ImageListView.swift; sourceTree = "<group>"; };
		8CAF38F82BD4FC95006B9B16 /* VideoListView.swift */ = {isa = PBXFileReference; lastKnownFileType = sourcecode.swift; path = VideoListView.swift; sourceTree = "<group>"; };
		8CB018992BDBC5C500982644 /* WESwiftDelegate.swift */ = {isa = PBXFileReference; lastKnownFileType = sourcecode.swift; path = WESwiftDelegate.swift; sourceTree = "<group>"; };
		8CB0D01F2B889F3D0057EF1C /* FeedbackView.swift */ = {isa = PBXFileReference; lastKnownFileType = sourcecode.swift; path = FeedbackView.swift; sourceTree = "<group>"; };
		8CB803CE2BD3DCE4009B2FAC /* WatchBrowser Watch App-Bridging-Header.h */ = {isa = PBXFileReference; lastKnownFileType = sourcecode.c.h; path = "WatchBrowser Watch App-Bridging-Header.h"; sourceTree = "<group>"; };
		8CB803CF2BD3DCE4009B2FAC /* WebExtension.m */ = {isa = PBXFileReference; lastKnownFileType = sourcecode.c.objc; path = WebExtension.m; sourceTree = "<group>"; };
		8CB803D12BD3DCEE009B2FAC /* WebExtension.h */ = {isa = PBXFileReference; lastKnownFileType = sourcecode.c.h; path = WebExtension.h; sourceTree = "<group>"; };
		8CB803D32BD3E6D1009B2FAC /* AdvancedWebView.swift */ = {isa = PBXFileReference; lastKnownFileType = sourcecode.swift; path = AdvancedWebView.swift; sourceTree = "<group>"; };
		8CB803DE2BD44879009B2FAC /* WatchBrowser Watch App.entitlements */ = {isa = PBXFileReference; lastKnownFileType = text.plist.entitlements; path = "WatchBrowser Watch App.entitlements"; sourceTree = "<group>"; };
		8CCF13F12C20A4FF00F5E0D7 /* DarockAccountsUI.swift */ = {isa = PBXFileReference; lastKnownFileType = sourcecode.swift; path = DarockAccountsUI.swift; sourceTree = "<group>"; };
		8CCF13F32C20B31700F5E0D7 /* HYWenHei.ttf */ = {isa = PBXFileReference; lastKnownFileType = file; path = HYWenHei.ttf; sourceTree = "<group>"; };
		8CF5DC4E2BAE04D5007F9974 /* ShareView.swift */ = {isa = PBXFileReference; lastKnownFileType = sourcecode.swift; path = ShareView.swift; sourceTree = "<group>"; };
		E25EA8392B70ABEF00BFEC6E /* zh-Hans */ = {isa = PBXFileReference; lastKnownFileType = text.plist.strings; name = "zh-Hans"; path = "zh-Hans.lproj/InfoPlist.strings"; sourceTree = "<group>"; };
		E25EA83B2B70ABF000BFEC6E /* en */ = {isa = PBXFileReference; lastKnownFileType = text.plist.strings; name = en; path = en.lproj/InfoPlist.strings; sourceTree = "<group>"; };
		E296FE012A459C5D00331BD4 /* BulletinView.swift */ = {isa = PBXFileReference; lastKnownFileType = sourcecode.swift; path = BulletinView.swift; sourceTree = "<group>"; };
/* End PBXFileReference section */

/* Begin PBXFrameworksBuildPhase section */
		6BF209EB2990E61C00E623FC /* Frameworks */ = {
			isa = PBXFrameworksBuildPhase;
			buildActionMask = 2147483647;
			files = (
				8CA7B84F2BE3E053004643FE /* SDWebImageWebPCoder in Frameworks */,
				8CA7B84C2BE3E025004643FE /* SDWebImageSwiftUI in Frameworks */,
				8C5D64832C1D9D9C008E591B /* MarkdownUI in Frameworks */,
				8CB803CC2BD3D776009B2FAC /* Dynamic in Frameworks */,
				8CAC41BB2BEFF32300CE9278 /* SupportsUICore in Frameworks */,
				6B0253D82A4EFB0100567986 /* DarockKit in Frameworks */,
				8C52811C2C22FA3C00392315 /* TripleQuestionmarkCore.framework in Frameworks */,
				6BFFCC562A8A6CF3001175EE /* DarockKit in Frameworks */,
				8C7C4D412C2D87B300FD282B /* EPUBKit in Frameworks */,
				8CA4537B2AE3C5F600138CE4 /* EFQRCode in Frameworks */,
				8CAF38F72BD4F960006B9B16 /* SwiftSoup in Frameworks */,
				8CA7B8522BE3E078004643FE /* SDWebImageSVGCoder in Frameworks */,
				8C5D64802C1D9D7C008E591B /* Cepheus in Frameworks */,
			);
			runOnlyForDeploymentPostprocessing = 0;
		};
		8C5281132C22FA3C00392315 /* Frameworks */ = {
			isa = PBXFrameworksBuildPhase;
			buildActionMask = 2147483647;
			files = (
				8CB349F52C32BF5100CB6AC3 /* Vela in Frameworks */,
			);
			runOnlyForDeploymentPostprocessing = 0;
		};
		8C547AFB2C3296D40093D592 /* Frameworks */ = {
			isa = PBXFrameworksBuildPhase;
			buildActionMask = 2147483647;
			files = (
			);
			runOnlyForDeploymentPostprocessing = 0;
		};
		8C5869CA2C316A2100A18923 /* Frameworks */ = {
			isa = PBXFrameworksBuildPhase;
			buildActionMask = 2147483647;
			files = (
				8C5869CF2C316A2100A18923 /* Intents.framework in Frameworks */,
			);
			runOnlyForDeploymentPostprocessing = 0;
		};
		8CA1E0BA2C13DD620092DFCA /* Frameworks */ = {
			isa = PBXFrameworksBuildPhase;
			buildActionMask = 2147483647;
			files = (
			);
			runOnlyForDeploymentPostprocessing = 0;
		};
		F80BDB35D391E4AFB9701932 /* Frameworks */ = {
			isa = PBXFrameworksBuildPhase;
			buildActionMask = 2147483647;
			files = (
			);
			runOnlyForDeploymentPostprocessing = 0;
		};
/* End PBXFrameworksBuildPhase section */

/* Begin PBXGroup section */
		6BF209E12990E61C00E623FC = {
			isa = PBXGroup;
			children = (
				8C5869C72C3165E400A18923 /* Intents.intentdefinition */,
				6BF209F22990E61C00E623FC /* WatchBrowser Watch App */,
				8C5281172C22FA3C00392315 /* TripleQuestionmarkCore */,
				8C5869D02C316A2100A18923 /* DarockBrowser Intents */,
				8CA1E0BE2C13DD620092DFCA /* DarockBrowserUITests */,
				8C547AFF2C3296D40093D592 /* DarockBrowserUnitTests */,
				6BF209E92990E61C00E623FC /* Products */,
				8C41F7E72C1439C90052A635 /* Frameworks */,
			);
			sourceTree = "<group>";
		};
		6BF209E92990E61C00E623FC /* Products */ = {
			isa = PBXGroup;
			children = (
				6BF209E82990E61C00E623FC /* DarockBrowser.app */,
				6BF209EE2990E61C00E623FC /* DarockBrowser.app */,
				8CA1E0BD2C13DD620092DFCA /* DarockBrowserUITests.xctest */,
				8C5281162C22FA3C00392315 /* TripleQuestionmarkCore.framework */,
				8C5869CD2C316A2100A18923 /* DarockBrowser Intents.appex */,
				8C547AFE2C3296D40093D592 /* DarockBrowserUnitTests.xctest */,
			);
			name = Products;
			sourceTree = "<group>";
		};
		6BF209F22990E61C00E623FC /* WatchBrowser Watch App */ = {
			isa = PBXGroup;
			children = (
				8CB803DE2BD44879009B2FAC /* WatchBrowser Watch App.entitlements */,
				8CCF13F32C20B31700F5E0D7 /* HYWenHei.ttf */,
				8C1DED012C32AEB00048A32A /* General.swift */,
				8CB803D22BD3E6C0009B2FAC /* AdvWebView */,
				8CB803CD2BD3DCD1009B2FAC /* CCodes */,
				6B7CA9042ABE7C05006FDCDA /* Localizable.xcstrings */,
				6BF209F32990E61C00E623FC /* WatchBrowserApp.swift */,
				6BF209F52990E61C00E623FC /* ContentView.swift */,
				6B0253D92A4F02A500567986 /* PrivateBrowsingView.swift */,
				8C894B212BE7569300768B59 /* ExtKeyboardView.swift */,
				6BF20A09299100AE00E623FC /* BookmarkView.swift */,
				E296FE012A459C5D00331BD4 /* BulletinView.swift */,
				6B6DA6B62A0149EF00BBE6CA /* HistoryView.swift */,
				6BA7F79F2A2F6FC600FFEED0 /* SettingsView.swift */,
				8CCF13F12C20A4FF00F5E0D7 /* DarockAccountsUI.swift */,
				8C96E34A2C15901400751FAF /* DAssistAdView.swift */,
				8CA4537C2AE3C63900138CE4 /* MLTestsView.swift */,
				8CA370E22B835AAD00CE0E9E /* NumberPadExt.swift */,
				8CB0D01F2B889F3D0057EF1C /* FeedbackView.swift */,
				8C5281282C23457F00392315 /* TipsView.swift */,
				8CF5DC4E2BAE04D5007F9974 /* ShareView.swift */,
				8CAF38F82BD4FC95006B9B16 /* VideoListView.swift */,
				8CA7B8482BE3DF47004643FE /* ImageListView.swift */,
				8C7C4D422C2D898700FD282B /* BookListView.swift */,
				8C6E11DC2BDBF464005420C0 /* NewFeaturesView.swift */,
				8C6E11E02BDC0638005420C0 /* WebArchiveListView.swift */,
				8CA7B8382BE397D1004643FE /* UserScriptsView.swift */,
				8C6D86782C10C6A70089CE67 /* LaboratoryView.swift */,
				8C6D867A2C10CA680089CE67 /* BrowsingTabsView.swift */,
				8C03B6DF2C296338000770B4 /* NetworkCheckView.swift */,
				6BF209F72990E61E00E623FC /* Assets.xcassets */,
				E25EA83A2B70ABEF00BFEC6E /* InfoPlist.strings */,
				6BF209F92990E61E00E623FC /* Preview Content */,
			);
			path = "WatchBrowser Watch App";
			sourceTree = "<group>";
		};
		6BF209F92990E61E00E623FC /* Preview Content */ = {
			isa = PBXGroup;
			children = (
				6BF209FA2990E61E00E623FC /* Preview Assets.xcassets */,
			);
			path = "Preview Content";
			sourceTree = "<group>";
		};
		8C41F7E72C1439C90052A635 /* Frameworks */ = {
			isa = PBXGroup;
			children = (
				8C5869CE2C316A2100A18923 /* Intents.framework */,
			);
			name = Frameworks;
			sourceTree = "<group>";
		};
		8C5281172C22FA3C00392315 /* TripleQuestionmarkCore */ = {
			isa = PBXGroup;
			children = (
				8C547AF82C31E0FD0093D592 /* ___YoutouMurasameChan.drkdatau */,
				8C5281222C22FA5600392315 /* ___0721NeneChan.drkdatau */,
				8C5281232C22FA5600392315 /* ___KawaiiChieriChan.drkdatau */,
				8C5281242C22FA5600392315 /* TripleQuestionmarkCore.h */,
				8C03B70D2C29B2CE000770B4 /* Localizable.xcstrings */,
				8C52812A2C25A07A00392315 /* TQCViews.swift */,
			);
			path = TripleQuestionmarkCore;
			sourceTree = "<group>";
		};
		8C547AFF2C3296D40093D592 /* DarockBrowserUnitTests */ = {
			isa = PBXGroup;
			children = (
				8C547B002C3296D40093D592 /* DarockBrowserUnitTests.swift */,
			);
			path = DarockBrowserUnitTests;
			sourceTree = "<group>";
		};
		8C5869D02C316A2100A18923 /* DarockBrowser Intents */ = {
			isa = PBXGroup;
			children = (
				8C5869D12C316A2100A18923 /* IntentHandler.swift */,
				8C5869D32C316A2100A18923 /* Info.plist */,
			);
			path = "DarockBrowser Intents";
			sourceTree = "<group>";
		};
		8CA1E0BE2C13DD620092DFCA /* DarockBrowserUITests */ = {
			isa = PBXGroup;
			children = (
				8CA1E0BF2C13DD620092DFCA /* DarockBrowserUITests.swift */,
			);
			path = DarockBrowserUITests;
			sourceTree = "<group>";
		};
		8CB803CD2BD3DCD1009B2FAC /* CCodes */ = {
			isa = PBXGroup;
			children = (
				8CB803CE2BD3DCE4009B2FAC /* WatchBrowser Watch App-Bridging-Header.h */,
				8CB803D12BD3DCEE009B2FAC /* WebExtension.h */,
				8CB803CF2BD3DCE4009B2FAC /* WebExtension.m */,
			);
			path = CCodes;
			sourceTree = "<group>";
		};
		8CB803D22BD3E6C0009B2FAC /* AdvWebView */ = {
			isa = PBXGroup;
			children = (
				8CB803D32BD3E6D1009B2FAC /* AdvancedWebView.swift */,
				8CB018992BDBC5C500982644 /* WESwiftDelegate.swift */,
				8C6E11DE2BDC029E005420C0 /* WEBackSwift.swift */,
			);
			path = AdvWebView;
			sourceTree = "<group>";
		};
/* End PBXGroup section */

/* Begin PBXHeadersBuildPhase section */
		8C5281112C22FA3C00392315 /* Headers */ = {
			isa = PBXHeadersBuildPhase;
			buildActionMask = 2147483647;
			files = (
				8C5281272C22FA5600392315 /* TripleQuestionmarkCore.h in Headers */,
			);
			runOnlyForDeploymentPostprocessing = 0;
		};
/* End PBXHeadersBuildPhase section */

/* Begin PBXNativeTarget section */
		6BF209E72990E61C00E623FC /* WatchBrowser */ = {
			isa = PBXNativeTarget;
			buildConfigurationList = 6BF20A022990E61E00E623FC /* Build configuration list for PBXNativeTarget "WatchBrowser" */;
			buildPhases = (
				6BF209E62990E61C00E623FC /* Resources */,
				6BF20A012990E61E00E623FC /* Embed Watch Content */,
				F80BDB35D391E4AFB9701932 /* Frameworks */,
			);
			buildRules = (
			);
			dependencies = (
				6BF209F12990E61C00E623FC /* PBXTargetDependency */,
			);
			name = WatchBrowser;
			productName = WatchBrowser;
			productReference = 6BF209E82990E61C00E623FC /* DarockBrowser.app */;
			productType = "com.apple.product-type.application.watchapp2-container";
		};
		6BF209ED2990E61C00E623FC /* WatchBrowser Watch App */ = {
			isa = PBXNativeTarget;
			buildConfigurationList = 6BF209FE2990E61E00E623FC /* Build configuration list for PBXNativeTarget "WatchBrowser Watch App" */;
			buildPhases = (
				6BF209EA2990E61C00E623FC /* Sources */,
				6BF209EB2990E61C00E623FC /* Frameworks */,
				6BF209EC2990E61C00E623FC /* Resources */,
				6BFD15A52A305A4800CB9A1D /* Embed Foundation Extensions */,
				8C5281212C22FA3C00392315 /* Embed Frameworks */,
			);
			buildRules = (
			);
			dependencies = (
				8C52811B2C22FA3C00392315 /* PBXTargetDependency */,
				8C5869D52C316A2100A18923 /* PBXTargetDependency */,
			);
			name = "WatchBrowser Watch App";
			packageProductDependencies = (
				6B0253D72A4EFB0100567986 /* DarockKit */,
				6BFFCC552A8A6CF3001175EE /* DarockKit */,
				8CA4537A2AE3C5F600138CE4 /* EFQRCode */,
				8CB803CB2BD3D776009B2FAC /* Dynamic */,
				8CAF38F62BD4F960006B9B16 /* SwiftSoup */,
				8CA7B84B2BE3E025004643FE /* SDWebImageSwiftUI */,
				8CA7B84E2BE3E053004643FE /* SDWebImageWebPCoder */,
				8CA7B8512BE3E078004643FE /* SDWebImageSVGCoder */,
				8CAC41BA2BEFF32300CE9278 /* SupportsUICore */,
				8C5D647F2C1D9D7C008E591B /* Cepheus */,
				8C5D64822C1D9D9C008E591B /* MarkdownUI */,
				8C7C4D402C2D87B300FD282B /* EPUBKit */,
			);
			productName = "WatchBrowser Watch App";
			productReference = 6BF209EE2990E61C00E623FC /* DarockBrowser.app */;
			productType = "com.apple.product-type.application";
		};
		8C5281152C22FA3C00392315 /* TripleQuestionmarkCore */ = {
			isa = PBXNativeTarget;
			buildConfigurationList = 8C52811E2C22FA3C00392315 /* Build configuration list for PBXNativeTarget "TripleQuestionmarkCore" */;
			buildPhases = (
				8C5281112C22FA3C00392315 /* Headers */,
				8C5281122C22FA3C00392315 /* Sources */,
				8C5281132C22FA3C00392315 /* Frameworks */,
				8C5281142C22FA3C00392315 /* Resources */,
			);
			buildRules = (
			);
			dependencies = (
			);
			name = TripleQuestionmarkCore;
			packageProductDependencies = (
				8CB349F42C32BF5100CB6AC3 /* Vela */,
			);
			productName = TripleQuestionmarkCore;
			productReference = 8C5281162C22FA3C00392315 /* TripleQuestionmarkCore.framework */;
			productType = "com.apple.product-type.framework";
		};
		8C547AFD2C3296D40093D592 /* DarockBrowserUnitTests */ = {
			isa = PBXNativeTarget;
			buildConfigurationList = 8C547B042C3296D40093D592 /* Build configuration list for PBXNativeTarget "DarockBrowserUnitTests" */;
			buildPhases = (
				8C547AFA2C3296D40093D592 /* Sources */,
				8C547AFB2C3296D40093D592 /* Frameworks */,
				8C547AFC2C3296D40093D592 /* Resources */,
			);
			buildRules = (
			);
			dependencies = (
				8C547B032C3296D40093D592 /* PBXTargetDependency */,
			);
			name = DarockBrowserUnitTests;
			productName = DarockBrowserUnitTests;
			productReference = 8C547AFE2C3296D40093D592 /* DarockBrowserUnitTests.xctest */;
			productType = "com.apple.product-type.bundle.unit-test";
		};
		8C5869CC2C316A2100A18923 /* DarockBrowser Intents */ = {
			isa = PBXNativeTarget;
			buildConfigurationList = 8C5869D72C316A2100A18923 /* Build configuration list for PBXNativeTarget "DarockBrowser Intents" */;
			buildPhases = (
				8C5869C92C316A2100A18923 /* Sources */,
				8C5869CA2C316A2100A18923 /* Frameworks */,
				8C5869CB2C316A2100A18923 /* Resources */,
			);
			buildRules = (
			);
			dependencies = (
			);
			name = "DarockBrowser Intents";
			productName = "DarockBrowser Intents";
			productReference = 8C5869CD2C316A2100A18923 /* DarockBrowser Intents.appex */;
			productType = "com.apple.product-type.app-extension";
		};
		8CA1E0BC2C13DD620092DFCA /* DarockBrowserUITests */ = {
			isa = PBXNativeTarget;
			buildConfigurationList = 8CA1E0C52C13DD620092DFCA /* Build configuration list for PBXNativeTarget "DarockBrowserUITests" */;
			buildPhases = (
				8CA1E0B92C13DD620092DFCA /* Sources */,
				8CA1E0BA2C13DD620092DFCA /* Frameworks */,
				8CA1E0BB2C13DD620092DFCA /* Resources */,
			);
			buildRules = (
			);
			dependencies = (
				8CA1E0C42C13DD620092DFCA /* PBXTargetDependency */,
			);
			name = DarockBrowserUITests;
			packageProductDependencies = (
			);
			productName = DarockBrowserUITests;
			productReference = 8CA1E0BD2C13DD620092DFCA /* DarockBrowserUITests.xctest */;
			productType = "com.apple.product-type.bundle.ui-testing";
		};
/* End PBXNativeTarget section */

/* Begin PBXProject section */
		6BF209E22990E61C00E623FC /* Project object */ = {
			isa = PBXProject;
			attributes = {
				BuildIndependentTargetsInParallel = 1;
				LastSwiftUpdateCheck = 1600;
				LastUpgradeCheck = 1600;
				TargetAttributes = {
					6BF209E72990E61C00E623FC = {
						CreatedOnToolsVersion = 14.2;
					};
					6BF209ED2990E61C00E623FC = {
						CreatedOnToolsVersion = 14.2;
						LastSwiftMigration = 1520;
					};
					8C5281152C22FA3C00392315 = {
						CreatedOnToolsVersion = 16.0;
						LastSwiftMigration = 1600;
					};
					8C547AFD2C3296D40093D592 = {
						CreatedOnToolsVersion = 16.0;
						TestTargetID = 6BF209ED2990E61C00E623FC;
					};
					8C5869CC2C316A2100A18923 = {
						CreatedOnToolsVersion = 16.0;
					};
					8CA1E0BC2C13DD620092DFCA = {
						CreatedOnToolsVersion = 15.4;
						TestTargetID = 6BF209ED2990E61C00E623FC;
					};
				};
			};
			buildConfigurationList = 6BF209E52990E61C00E623FC /* Build configuration list for PBXProject "WatchBrowser" */;
			compatibilityVersion = "Xcode 14.0";
			developmentRegion = "zh-Hans";
			hasScannedForEncodings = 0;
			knownRegions = (
				Base,
				"zh-Hans",
				en,
				ja,
				"zh-Hant",
				ru,
				fr,
			);
			mainGroup = 6BF209E12990E61C00E623FC;
			packageReferences = (
				6BFFCC542A8A6CF3001175EE /* XCRemoteSwiftPackageReference "DarockKit" */,
				8CA453792AE3C5F600138CE4 /* XCRemoteSwiftPackageReference "EFQRCode" */,
				8CB803CA2BD3D776009B2FAC /* XCRemoteSwiftPackageReference "Dynamic" */,
				8CAF38F52BD4F960006B9B16 /* XCRemoteSwiftPackageReference "SwiftSoup" */,
				8CA7B84A2BE3E025004643FE /* XCRemoteSwiftPackageReference "SDWebImageSwiftUI" */,
				8CA7B84D2BE3E053004643FE /* XCRemoteSwiftPackageReference "SDWebImageWebPCoder" */,
				8CA7B8502BE3E078004643FE /* XCRemoteSwiftPackageReference "SDWebImageSVGCoder" */,
				8CAC41B92BEFF32200CE9278 /* XCRemoteSwiftPackageReference "SupportsUICore" */,
				8C5D647E2C1D9D7C008E591B /* XCRemoteSwiftPackageReference "Cepheus" */,
				8C5D64812C1D9D9C008E591B /* XCRemoteSwiftPackageReference "swift-markdown-ui" */,
				8C7C4D3F2C2D87B200FD282B /* XCRemoteSwiftPackageReference "EPUBKit" */,
				8CB349F12C32B87700CB6AC3 /* XCRemoteSwiftPackageReference "Vela" */,
			);
			productRefGroup = 6BF209E92990E61C00E623FC /* Products */;
			projectDirPath = "";
			projectRoot = "";
			targets = (
				6BF209E72990E61C00E623FC /* WatchBrowser */,
				6BF209ED2990E61C00E623FC /* WatchBrowser Watch App */,
				8C5869CC2C316A2100A18923 /* DarockBrowser Intents */,
				8C5281152C22FA3C00392315 /* TripleQuestionmarkCore */,
				8CA1E0BC2C13DD620092DFCA /* DarockBrowserUITests */,
				8C547AFD2C3296D40093D592 /* DarockBrowserUnitTests */,
			);
		};
/* End PBXProject section */

/* Begin PBXResourcesBuildPhase section */
		6BF209E62990E61C00E623FC /* Resources */ = {
			isa = PBXResourcesBuildPhase;
			buildActionMask = 2147483647;
			files = (
			);
			runOnlyForDeploymentPostprocessing = 0;
		};
		6BF209EC2990E61C00E623FC /* Resources */ = {
			isa = PBXResourcesBuildPhase;
			buildActionMask = 2147483647;
			files = (
				6BF209FB2990E61E00E623FC /* Preview Assets.xcassets in Resources */,
				E25EA8382B70ABEF00BFEC6E /* InfoPlist.strings in Resources */,
				6BF209F82990E61E00E623FC /* Assets.xcassets in Resources */,
				6B7CA9052ABE7C05006FDCDA /* Localizable.xcstrings in Resources */,
				8C7C4D3E2C2C999F00FD282B /* HYWenHei.ttf in Resources */,
			);
			runOnlyForDeploymentPostprocessing = 0;
		};
		8C5281142C22FA3C00392315 /* Resources */ = {
			isa = PBXResourcesBuildPhase;
			buildActionMask = 2147483647;
			files = (
				8C5281252C22FA5600392315 /* ___KawaiiChieriChan.drkdatau in Resources */,
				8C5281262C22FA5600392315 /* ___0721NeneChan.drkdatau in Resources */,
				8C03B70E2C29B2CE000770B4 /* Localizable.xcstrings in Resources */,
				8C547AF92C31E11E0093D592 /* ___YoutouMurasameChan.drkdatau in Resources */,
			);
			runOnlyForDeploymentPostprocessing = 0;
		};
		8C547AFC2C3296D40093D592 /* Resources */ = {
			isa = PBXResourcesBuildPhase;
			buildActionMask = 2147483647;
			files = (
			);
			runOnlyForDeploymentPostprocessing = 0;
		};
		8C5869CB2C316A2100A18923 /* Resources */ = {
			isa = PBXResourcesBuildPhase;
			buildActionMask = 2147483647;
			files = (
			);
			runOnlyForDeploymentPostprocessing = 0;
		};
		8CA1E0BB2C13DD620092DFCA /* Resources */ = {
			isa = PBXResourcesBuildPhase;
			buildActionMask = 2147483647;
			files = (
			);
			runOnlyForDeploymentPostprocessing = 0;
		};
/* End PBXResourcesBuildPhase section */

/* Begin PBXSourcesBuildPhase section */
		6BF209EA2990E61C00E623FC /* Sources */ = {
			isa = PBXSourcesBuildPhase;
			buildActionMask = 2147483647;
			files = (
				8CF5DC4F2BAE04D5007F9974 /* ShareView.swift in Sources */,
				8C6E11E12BDC0638005420C0 /* WebArchiveListView.swift in Sources */,
				8C6D867B2C10CA680089CE67 /* BrowsingTabsView.swift in Sources */,
				8CA7B8392BE397D1004643FE /* UserScriptsView.swift in Sources */,
				6BA7F7A02A2F6FC600FFEED0 /* SettingsView.swift in Sources */,
				8C1DED022C32AEBB0048A32A /* General.swift in Sources */,
				8CB803D02BD3DCE4009B2FAC /* WebExtension.m in Sources */,
				8CB0189A2BDBC5C500982644 /* WESwiftDelegate.swift in Sources */,
				8C7C4D432C2D898700FD282B /* BookListView.swift in Sources */,
				E296FE022A459C5D00331BD4 /* BulletinView.swift in Sources */,
				8CAF38F92BD4FC95006B9B16 /* VideoListView.swift in Sources */,
				6B6DA6B72A0149EF00BBE6CA /* HistoryView.swift in Sources */,
				8CA7B8492BE3DF47004643FE /* ImageListView.swift in Sources */,
				8C6E11DF2BDC029E005420C0 /* WEBackSwift.swift in Sources */,
				6BF20A0A299100AE00E623FC /* BookmarkView.swift in Sources */,
				8C5869C82C3165E400A18923 /* Intents.intentdefinition in Sources */,
				8CA370E32B835AAD00CE0E9E /* NumberPadExt.swift in Sources */,
				6BF209F62990E61C00E623FC /* ContentView.swift in Sources */,
				8CB803D42BD3E6D1009B2FAC /* AdvancedWebView.swift in Sources */,
				8C96E34B2C15901400751FAF /* DAssistAdView.swift in Sources */,
				8C5281292C23457F00392315 /* TipsView.swift in Sources */,
				8C03B6E02C296338000770B4 /* NetworkCheckView.swift in Sources */,
				8C6E11DD2BDBF464005420C0 /* NewFeaturesView.swift in Sources */,
				8CA4537D2AE3C63900138CE4 /* MLTestsView.swift in Sources */,
				8C894B222BE7569300768B59 /* ExtKeyboardView.swift in Sources */,
				8C6D86792C10C6A70089CE67 /* LaboratoryView.swift in Sources */,
				6BF209F42990E61C00E623FC /* WatchBrowserApp.swift in Sources */,
				8CCF13F22C20A4FF00F5E0D7 /* DarockAccountsUI.swift in Sources */,
				8CB0D0202B889F3D0057EF1C /* FeedbackView.swift in Sources */,
			);
			runOnlyForDeploymentPostprocessing = 0;
		};
		8C5281122C22FA3C00392315 /* Sources */ = {
			isa = PBXSourcesBuildPhase;
			buildActionMask = 2147483647;
			files = (
				8C52812B2C25A07A00392315 /* TQCViews.swift in Sources */,
			);
			runOnlyForDeploymentPostprocessing = 0;
		};
		8C547AFA2C3296D40093D592 /* Sources */ = {
			isa = PBXSourcesBuildPhase;
			buildActionMask = 2147483647;
			files = (
				8C547B012C3296D40093D592 /* DarockBrowserUnitTests.swift in Sources */,
			);
			runOnlyForDeploymentPostprocessing = 0;
		};
		8C5869C92C316A2100A18923 /* Sources */ = {
			isa = PBXSourcesBuildPhase;
			buildActionMask = 2147483647;
			files = (
				8C5869D22C316A2100A18923 /* IntentHandler.swift in Sources */,
				8C5869DA2C316C3E00A18923 /* Intents.intentdefinition in Sources */,
			);
			runOnlyForDeploymentPostprocessing = 0;
		};
		8CA1E0B92C13DD620092DFCA /* Sources */ = {
			isa = PBXSourcesBuildPhase;
			buildActionMask = 2147483647;
			files = (
				8CA1E0C02C13DD620092DFCA /* DarockBrowserUITests.swift in Sources */,
			);
			runOnlyForDeploymentPostprocessing = 0;
		};
/* End PBXSourcesBuildPhase section */

/* Begin PBXTargetDependency section */
		6BF209F12990E61C00E623FC /* PBXTargetDependency */ = {
			isa = PBXTargetDependency;
			target = 6BF209ED2990E61C00E623FC /* WatchBrowser Watch App */;
			targetProxy = 6BF209F02990E61C00E623FC /* PBXContainerItemProxy */;
		};
		8C52811B2C22FA3C00392315 /* PBXTargetDependency */ = {
			isa = PBXTargetDependency;
			target = 8C5281152C22FA3C00392315 /* TripleQuestionmarkCore */;
			targetProxy = 8C52811A2C22FA3C00392315 /* PBXContainerItemProxy */;
		};
		8C547B032C3296D40093D592 /* PBXTargetDependency */ = {
			isa = PBXTargetDependency;
			target = 6BF209ED2990E61C00E623FC /* WatchBrowser Watch App */;
			targetProxy = 8C547B022C3296D40093D592 /* PBXContainerItemProxy */;
		};
		8C5869D52C316A2100A18923 /* PBXTargetDependency */ = {
			isa = PBXTargetDependency;
			target = 8C5869CC2C316A2100A18923 /* DarockBrowser Intents */;
			targetProxy = 8C5869D42C316A2100A18923 /* PBXContainerItemProxy */;
		};
		8CA1E0C42C13DD620092DFCA /* PBXTargetDependency */ = {
			isa = PBXTargetDependency;
			target = 6BF209ED2990E61C00E623FC /* WatchBrowser Watch App */;
			targetProxy = 8CA1E0C32C13DD620092DFCA /* PBXContainerItemProxy */;
		};
/* End PBXTargetDependency section */

/* Begin PBXVariantGroup section */
		E25EA83A2B70ABEF00BFEC6E /* InfoPlist.strings */ = {
			isa = PBXVariantGroup;
			children = (
				E25EA8392B70ABEF00BFEC6E /* zh-Hans */,
				E25EA83B2B70ABF000BFEC6E /* en */,
				8C03B70B2C29B201000770B4 /* ja */,
				8C03B70C2C29B20B000770B4 /* zh-Hant */,
			);
			name = InfoPlist.strings;
			sourceTree = "<group>";
		};
/* End PBXVariantGroup section */

/* Begin XCBuildConfiguration section */
		6BF209FC2990E61E00E623FC /* Debug */ = {
			isa = XCBuildConfiguration;
			buildSettings = {
				ALWAYS_SEARCH_USER_PATHS = NO;
				ASSETCATALOG_COMPILER_GENERATE_SWIFT_ASSET_SYMBOL_EXTENSIONS = YES;
				CLANG_ANALYZER_LOCALIZABILITY_NONLOCALIZED = YES;
				CLANG_ANALYZER_NONNULL = YES;
				CLANG_ANALYZER_NUMBER_OBJECT_CONVERSION = YES_AGGRESSIVE;
				CLANG_CXX_LANGUAGE_STANDARD = "gnu++20";
				CLANG_ENABLE_MODULES = YES;
				CLANG_ENABLE_OBJC_ARC = YES;
				CLANG_ENABLE_OBJC_WEAK = YES;
				CLANG_WARN_BLOCK_CAPTURE_AUTORELEASING = YES;
				CLANG_WARN_BOOL_CONVERSION = YES;
				CLANG_WARN_COMMA = YES;
				CLANG_WARN_CONSTANT_CONVERSION = YES;
				CLANG_WARN_DEPRECATED_OBJC_IMPLEMENTATIONS = YES;
				CLANG_WARN_DIRECT_OBJC_ISA_USAGE = YES_ERROR;
				CLANG_WARN_DOCUMENTATION_COMMENTS = YES;
				CLANG_WARN_EMPTY_BODY = YES;
				CLANG_WARN_ENUM_CONVERSION = YES;
				CLANG_WARN_INFINITE_RECURSION = YES;
				CLANG_WARN_INT_CONVERSION = YES;
				CLANG_WARN_NON_LITERAL_NULL_CONVERSION = YES;
				CLANG_WARN_OBJC_IMPLICIT_RETAIN_SELF = YES;
				CLANG_WARN_OBJC_LITERAL_CONVERSION = YES;
				CLANG_WARN_OBJC_ROOT_CLASS = YES_ERROR;
				CLANG_WARN_QUOTED_INCLUDE_IN_FRAMEWORK_HEADER = YES;
				CLANG_WARN_RANGE_LOOP_ANALYSIS = YES;
				CLANG_WARN_STRICT_PROTOTYPES = YES;
				CLANG_WARN_SUSPICIOUS_MOVE = YES;
				CLANG_WARN_UNGUARDED_AVAILABILITY = YES_AGGRESSIVE;
				CLANG_WARN_UNREACHABLE_CODE = YES;
				CLANG_WARN__DUPLICATE_METHOD_MATCH = YES;
				COPY_PHASE_STRIP = NO;
				DEAD_CODE_STRIPPING = YES;
				DEBUG_INFORMATION_FORMAT = dwarf;
				ENABLE_STRICT_OBJC_MSGSEND = YES;
				ENABLE_TESTABILITY = YES;
				ENABLE_USER_SCRIPT_SANDBOXING = YES;
				GCC_C_LANGUAGE_STANDARD = gnu11;
				GCC_DYNAMIC_NO_PIC = NO;
				GCC_NO_COMMON_BLOCKS = YES;
				GCC_OPTIMIZATION_LEVEL = 0;
				GCC_PREPROCESSOR_DEFINITIONS = (
					"DEBUG=1",
					"$(inherited)",
				);
				GCC_WARN_64_TO_32_BIT_CONVERSION = YES;
				GCC_WARN_ABOUT_RETURN_TYPE = YES_ERROR;
				GCC_WARN_UNDECLARED_SELECTOR = YES;
				GCC_WARN_UNINITIALIZED_AUTOS = YES_AGGRESSIVE;
				GCC_WARN_UNUSED_FUNCTION = YES;
				GCC_WARN_UNUSED_VARIABLE = YES;
				IPHONEOS_DEPLOYMENT_TARGET = 13.0;
				MTL_ENABLE_DEBUG_INFO = INCLUDE_SOURCE;
				MTL_FAST_MATH = YES;
				ONLY_ACTIVE_ARCH = YES;
				SWIFT_ACTIVE_COMPILATION_CONDITIONS = DEBUG;
				SWIFT_EMIT_LOC_STRINGS = YES;
				SWIFT_OPTIMIZATION_LEVEL = "-Onone";
				WATCHOS_DEPLOYMENT_TARGET = 8.4;
			};
			name = Debug;
		};
		6BF209FD2990E61E00E623FC /* Release */ = {
			isa = XCBuildConfiguration;
			buildSettings = {
				ALWAYS_SEARCH_USER_PATHS = NO;
				ASSETCATALOG_COMPILER_GENERATE_SWIFT_ASSET_SYMBOL_EXTENSIONS = YES;
				CLANG_ANALYZER_LOCALIZABILITY_NONLOCALIZED = YES;
				CLANG_ANALYZER_NONNULL = YES;
				CLANG_ANALYZER_NUMBER_OBJECT_CONVERSION = YES_AGGRESSIVE;
				CLANG_CXX_LANGUAGE_STANDARD = "gnu++20";
				CLANG_ENABLE_MODULES = YES;
				CLANG_ENABLE_OBJC_ARC = YES;
				CLANG_ENABLE_OBJC_WEAK = YES;
				CLANG_WARN_BLOCK_CAPTURE_AUTORELEASING = YES;
				CLANG_WARN_BOOL_CONVERSION = YES;
				CLANG_WARN_COMMA = YES;
				CLANG_WARN_CONSTANT_CONVERSION = YES;
				CLANG_WARN_DEPRECATED_OBJC_IMPLEMENTATIONS = YES;
				CLANG_WARN_DIRECT_OBJC_ISA_USAGE = YES_ERROR;
				CLANG_WARN_DOCUMENTATION_COMMENTS = YES;
				CLANG_WARN_EMPTY_BODY = YES;
				CLANG_WARN_ENUM_CONVERSION = YES;
				CLANG_WARN_INFINITE_RECURSION = YES;
				CLANG_WARN_INT_CONVERSION = YES;
				CLANG_WARN_NON_LITERAL_NULL_CONVERSION = YES;
				CLANG_WARN_OBJC_IMPLICIT_RETAIN_SELF = YES;
				CLANG_WARN_OBJC_LITERAL_CONVERSION = YES;
				CLANG_WARN_OBJC_ROOT_CLASS = YES_ERROR;
				CLANG_WARN_QUOTED_INCLUDE_IN_FRAMEWORK_HEADER = YES;
				CLANG_WARN_RANGE_LOOP_ANALYSIS = YES;
				CLANG_WARN_STRICT_PROTOTYPES = YES;
				CLANG_WARN_SUSPICIOUS_MOVE = YES;
				CLANG_WARN_UNGUARDED_AVAILABILITY = YES_AGGRESSIVE;
				CLANG_WARN_UNREACHABLE_CODE = YES;
				CLANG_WARN__DUPLICATE_METHOD_MATCH = YES;
				COPY_PHASE_STRIP = NO;
				DEAD_CODE_STRIPPING = YES;
				DEBUG_INFORMATION_FORMAT = "dwarf-with-dsym";
				ENABLE_NS_ASSERTIONS = NO;
				ENABLE_STRICT_OBJC_MSGSEND = YES;
				ENABLE_USER_SCRIPT_SANDBOXING = YES;
				GCC_C_LANGUAGE_STANDARD = gnu11;
				GCC_NO_COMMON_BLOCKS = YES;
				GCC_WARN_64_TO_32_BIT_CONVERSION = YES;
				GCC_WARN_ABOUT_RETURN_TYPE = YES_ERROR;
				GCC_WARN_UNDECLARED_SELECTOR = YES;
				GCC_WARN_UNINITIALIZED_AUTOS = YES_AGGRESSIVE;
				GCC_WARN_UNUSED_FUNCTION = YES;
				GCC_WARN_UNUSED_VARIABLE = YES;
				IPHONEOS_DEPLOYMENT_TARGET = 13.0;
				MTL_ENABLE_DEBUG_INFO = NO;
				MTL_FAST_MATH = YES;
				SWIFT_COMPILATION_MODE = wholemodule;
				SWIFT_EMIT_LOC_STRINGS = YES;
				SWIFT_OPTIMIZATION_LEVEL = "-O";
				WATCHOS_DEPLOYMENT_TARGET = 8.4;
			};
			name = Release;
		};
		6BF209FF2990E61E00E623FC /* Debug */ = {
			isa = XCBuildConfiguration;
			buildSettings = {
				ASSETCATALOG_COMPILER_APPICON_NAME = AppIcon;
				ASSETCATALOG_COMPILER_GLOBAL_ACCENT_COLOR_NAME = AccentColor;
				ASSETCATALOG_COMPILER_OPTIMIZATION = space;
				CLANG_ENABLE_MODULES = YES;
				CODE_SIGN_ENTITLEMENTS = "WatchBrowser Watch App/WatchBrowser Watch App.entitlements";
				CODE_SIGN_STYLE = Automatic;
				CURRENT_PROJECT_VERSION = 1;
				DEVELOPMENT_ASSET_PATHS = "\"WatchBrowser Watch App/Preview Content\"";
				DEVELOPMENT_TEAM = B57D8PP775;
				ENABLE_PREVIEWS = YES;
				GENERATE_INFOPLIST_FILE = YES;
				IBSC_ERRORS = YES;
				IBSC_OTHER_FLAGS = "--target-device iphone";
				INFOPLIST_FILE = "WatchBrowser-Watch-App-Info.plist";
				INFOPLIST_KEY_CFBundleDisplayName = "暗礁浏览器";
				INFOPLIST_KEY_NSLocationWhenInUseUsageDescription = "暗礁浏览器需要获取您的位置信息以提供基于位置的“安全延时”功能，您的位置信息仅保存在您的本地设备上。";
				INFOPLIST_KEY_NSSiriUsageDescription = "暗礁浏览器请求Siri权限使您能够通过Siri使用暗礁浏览器的一些便捷功能";
				INFOPLIST_KEY_UISupportedInterfaceOrientations = "UIInterfaceOrientationPortrait UIInterfaceOrientationPortraitUpsideDown";
				INFOPLIST_KEY_WKWatchOnly = YES;
				LD_RUNPATH_SEARCH_PATHS = (
					"$(inherited)",
					"@executable_path/Frameworks",
				);
				MARKETING_VERSION = 4.10.0;
				OTHER_SWIFT_FLAGS = "";
				PRODUCT_BUNDLE_IDENTIFIER = com.darock.WatchBrowser.watchkitapp;
				PRODUCT_NAME = DarockBrowser;
				SDKROOT = watchos;
				SKIP_INSTALL = YES;
				SWIFT_EMIT_LOC_STRINGS = YES;
				SWIFT_OBJC_BRIDGING_HEADER = "WatchBrowser Watch App/CCodes/WatchBrowser Watch App-Bridging-Header.h";
				SWIFT_VERSION = 5.0;
				TARGETED_DEVICE_FAMILY = 4;
				WATCHOS_DEPLOYMENT_TARGET = 9.0;
			};
			name = Debug;
		};
		6BF20A002990E61E00E623FC /* Release */ = {
			isa = XCBuildConfiguration;
			buildSettings = {
				ASSETCATALOG_COMPILER_APPICON_NAME = AppIcon;
				ASSETCATALOG_COMPILER_GLOBAL_ACCENT_COLOR_NAME = AccentColor;
				ASSETCATALOG_COMPILER_OPTIMIZATION = space;
				CLANG_ENABLE_MODULES = YES;
				CODE_SIGN_ENTITLEMENTS = "WatchBrowser Watch App/WatchBrowser Watch App.entitlements";
				CODE_SIGN_STYLE = Automatic;
				CURRENT_PROJECT_VERSION = 1;
				DEVELOPMENT_ASSET_PATHS = "\"WatchBrowser Watch App/Preview Content\"";
				DEVELOPMENT_TEAM = B57D8PP775;
				ENABLE_PREVIEWS = YES;
				GCC_OPTIMIZATION_LEVEL = z;
				GENERATE_INFOPLIST_FILE = YES;
				IBSC_ERRORS = YES;
				IBSC_OTHER_FLAGS = "--target-device iphone";
				INFOPLIST_FILE = "WatchBrowser-Watch-App-Info.plist";
				INFOPLIST_KEY_CFBundleDisplayName = "暗礁浏览器";
				INFOPLIST_KEY_NSLocationWhenInUseUsageDescription = "暗礁浏览器需要获取您的位置信息以提供基于位置的“安全延时”功能，您的位置信息仅保存在您的本地设备上。";
				INFOPLIST_KEY_NSSiriUsageDescription = "暗礁浏览器请求Siri权限使您能够通过Siri使用暗礁浏览器的一些便捷功能";
				INFOPLIST_KEY_UISupportedInterfaceOrientations = "UIInterfaceOrientationPortrait UIInterfaceOrientationPortraitUpsideDown";
				INFOPLIST_KEY_WKWatchOnly = YES;
				LD_RUNPATH_SEARCH_PATHS = (
					"$(inherited)",
					"@executable_path/Frameworks",
				);
				MARKETING_VERSION = 4.10.0;
				OTHER_SWIFT_FLAGS = "";
				PRODUCT_BUNDLE_IDENTIFIER = com.darock.WatchBrowser.watchkitapp;
				PRODUCT_NAME = DarockBrowser;
				SDKROOT = watchos;
				SKIP_INSTALL = YES;
				SWIFT_EMIT_LOC_STRINGS = YES;
				SWIFT_OBJC_BRIDGING_HEADER = "WatchBrowser Watch App/CCodes/WatchBrowser Watch App-Bridging-Header.h";
				SWIFT_OPTIMIZATION_LEVEL = "-Osize";
				SWIFT_VERSION = 5.0;
				TARGETED_DEVICE_FAMILY = 4;
				VALIDATE_PRODUCT = YES;
				WATCHOS_DEPLOYMENT_TARGET = 9.0;
			};
			name = Release;
		};
		6BF20A032990E61E00E623FC /* Debug */ = {
			isa = XCBuildConfiguration;
			buildSettings = {
				CLANG_USE_OPTIMIZATION_PROFILE = YES;
				CODE_SIGN_STYLE = Automatic;
				CURRENT_PROJECT_VERSION = 1;
				DEVELOPMENT_TEAM = B57D8PP775;
				INFOPLIST_FILE = "WatchBrowser-Watch-App-Info.plist";
				INFOPLIST_KEY_CFBundleDisplayName = "暗礁浏览器";
				MARKETING_VERSION = 4.10.0;
				PRODUCT_BUNDLE_IDENTIFIER = com.darock.WatchBrowser;
				PRODUCT_NAME = DarockBrowser;
				SDKROOT = iphoneos;
				SWIFT_VERSION = 5.0;
			};
			name = Debug;
		};
		6BF20A042990E61E00E623FC /* Release */ = {
			isa = XCBuildConfiguration;
			buildSettings = {
				CLANG_USE_OPTIMIZATION_PROFILE = YES;
				CODE_SIGN_STYLE = Automatic;
				CURRENT_PROJECT_VERSION = 1;
				DEVELOPMENT_TEAM = B57D8PP775;
				GCC_OPTIMIZATION_LEVEL = z;
				INFOPLIST_FILE = "WatchBrowser-Watch-App-Info.plist";
				INFOPLIST_KEY_CFBundleDisplayName = "暗礁浏览器";
				MARKETING_VERSION = 4.10.0;
				PRODUCT_BUNDLE_IDENTIFIER = com.darock.WatchBrowser;
				PRODUCT_NAME = DarockBrowser;
				SDKROOT = iphoneos;
				SWIFT_OPTIMIZATION_LEVEL = "-Osize";
				SWIFT_VERSION = 5.0;
				VALIDATE_PRODUCT = YES;
			};
			name = Release;
		};
		8C52811F2C22FA3C00392315 /* Debug */ = {
			isa = XCBuildConfiguration;
			buildSettings = {
				ASSETCATALOG_COMPILER_GENERATE_SWIFT_ASSET_SYMBOL_EXTENSIONS = YES;
				BUILD_LIBRARY_FOR_DISTRIBUTION = YES;
				CLANG_ENABLE_MODULES = YES;
				CODE_SIGN_IDENTITY = "";
				CODE_SIGN_STYLE = Automatic;
				CURRENT_PROJECT_VERSION = 1;
				DEFINES_MODULE = YES;
				DEVELOPMENT_TEAM = B57D8PP775;
				DYLIB_COMPATIBILITY_VERSION = 1;
				DYLIB_CURRENT_VERSION = 1;
				DYLIB_INSTALL_NAME_BASE = "@rpath";
				ENABLE_MODULE_VERIFIER = YES;
				GCC_C_LANGUAGE_STANDARD = gnu17;
				GENERATE_INFOPLIST_FILE = YES;
				INFOPLIST_KEY_NSHumanReadableCopyright = "";
				INSTALL_PATH = "$(LOCAL_LIBRARY_DIR)/Frameworks";
				LD_RUNPATH_SEARCH_PATHS = (
					"$(inherited)",
					"@executable_path/Frameworks",
					"@loader_path/Frameworks",
				);
				LOCALIZATION_PREFERS_STRING_CATALOGS = YES;
				MARKETING_VERSION = 1.0;
				MODULE_VERIFIER_SUPPORTED_LANGUAGES = "objective-c objective-c++";
				MODULE_VERIFIER_SUPPORTED_LANGUAGE_STANDARDS = "gnu17 gnu++20";
				PRODUCT_BUNDLE_IDENTIFIER = com.darock.TripleQuestionmarkCore;
				PRODUCT_NAME = "$(TARGET_NAME:c99extidentifier)";
				SDKROOT = watchos;
				SKIP_INSTALL = YES;
				SWIFT_ACTIVE_COMPILATION_CONDITIONS = "DEBUG $(inherited)";
				SWIFT_EMIT_LOC_STRINGS = YES;
				SWIFT_INSTALL_OBJC_HEADER = NO;
				SWIFT_OPTIMIZATION_LEVEL = "-Onone";
				SWIFT_VERSION = 5.0;
				TARGETED_DEVICE_FAMILY = 4;
				VERSIONING_SYSTEM = "apple-generic";
				VERSION_INFO_PREFIX = "";
				WATCHOS_DEPLOYMENT_TARGET = 9.0;
			};
			name = Debug;
		};
		8C5281202C22FA3C00392315 /* Release */ = {
			isa = XCBuildConfiguration;
			buildSettings = {
				ASSETCATALOG_COMPILER_GENERATE_SWIFT_ASSET_SYMBOL_EXTENSIONS = YES;
				BUILD_LIBRARY_FOR_DISTRIBUTION = YES;
				CLANG_ENABLE_MODULES = YES;
				CODE_SIGN_IDENTITY = "";
				CODE_SIGN_STYLE = Automatic;
				CURRENT_PROJECT_VERSION = 1;
				DEFINES_MODULE = YES;
				DEVELOPMENT_TEAM = B57D8PP775;
				DYLIB_COMPATIBILITY_VERSION = 1;
				DYLIB_CURRENT_VERSION = 1;
				DYLIB_INSTALL_NAME_BASE = "@rpath";
				ENABLE_MODULE_VERIFIER = YES;
				GCC_C_LANGUAGE_STANDARD = gnu17;
				GENERATE_INFOPLIST_FILE = YES;
				INFOPLIST_KEY_NSHumanReadableCopyright = "";
				INSTALL_PATH = "$(LOCAL_LIBRARY_DIR)/Frameworks";
				LD_RUNPATH_SEARCH_PATHS = (
					"$(inherited)",
					"@executable_path/Frameworks",
					"@loader_path/Frameworks",
				);
				LOCALIZATION_PREFERS_STRING_CATALOGS = YES;
				MARKETING_VERSION = 1.0;
				MODULE_VERIFIER_SUPPORTED_LANGUAGES = "objective-c objective-c++";
				MODULE_VERIFIER_SUPPORTED_LANGUAGE_STANDARDS = "gnu17 gnu++20";
				PRODUCT_BUNDLE_IDENTIFIER = com.darock.TripleQuestionmarkCore;
				PRODUCT_NAME = "$(TARGET_NAME:c99extidentifier)";
				SDKROOT = watchos;
				SKIP_INSTALL = YES;
				SWIFT_EMIT_LOC_STRINGS = YES;
				SWIFT_INSTALL_OBJC_HEADER = NO;
				SWIFT_VERSION = 5.0;
				TARGETED_DEVICE_FAMILY = 4;
				VALIDATE_PRODUCT = YES;
				VERSIONING_SYSTEM = "apple-generic";
				VERSION_INFO_PREFIX = "";
				WATCHOS_DEPLOYMENT_TARGET = 9.0;
			};
			name = Release;
		};
		8C547B052C3296D40093D592 /* Debug */ = {
			isa = XCBuildConfiguration;
			buildSettings = {
				BUNDLE_LOADER = "$(TEST_HOST)";
				CODE_SIGN_STYLE = Automatic;
				CURRENT_PROJECT_VERSION = 1;
				DEVELOPMENT_TEAM = B57D8PP775;
				GCC_C_LANGUAGE_STANDARD = gnu17;
				GENERATE_INFOPLIST_FILE = YES;
				LOCALIZATION_PREFERS_STRING_CATALOGS = YES;
				MARKETING_VERSION = 1.0;
				PRODUCT_BUNDLE_IDENTIFIER = com.darock.DarockBrowserUnitTests;
				PRODUCT_NAME = "$(TARGET_NAME)";
				SDKROOT = watchos;
				SWIFT_ACTIVE_COMPILATION_CONDITIONS = "DEBUG $(inherited)";
				SWIFT_EMIT_LOC_STRINGS = NO;
				SWIFT_VERSION = 5.0;
				TARGETED_DEVICE_FAMILY = 4;
				TEST_HOST = "$(BUILT_PRODUCTS_DIR)/DarockBrowser.app/$(BUNDLE_EXECUTABLE_FOLDER_PATH)/DarockBrowser";
				WATCHOS_DEPLOYMENT_TARGET = 9.0;
			};
			name = Debug;
		};
		8C547B062C3296D40093D592 /* Release */ = {
			isa = XCBuildConfiguration;
			buildSettings = {
				BUNDLE_LOADER = "$(TEST_HOST)";
				CODE_SIGN_STYLE = Automatic;
				CURRENT_PROJECT_VERSION = 1;
				DEVELOPMENT_TEAM = B57D8PP775;
				GCC_C_LANGUAGE_STANDARD = gnu17;
				GENERATE_INFOPLIST_FILE = YES;
				LOCALIZATION_PREFERS_STRING_CATALOGS = YES;
				MARKETING_VERSION = 1.0;
				PRODUCT_BUNDLE_IDENTIFIER = com.darock.DarockBrowserUnitTests;
				PRODUCT_NAME = "$(TARGET_NAME)";
				SDKROOT = watchos;
				SWIFT_EMIT_LOC_STRINGS = NO;
				SWIFT_VERSION = 5.0;
				TARGETED_DEVICE_FAMILY = 4;
				TEST_HOST = "$(BUILT_PRODUCTS_DIR)/DarockBrowser.app/$(BUNDLE_EXECUTABLE_FOLDER_PATH)/DarockBrowser";
				VALIDATE_PRODUCT = YES;
				WATCHOS_DEPLOYMENT_TARGET = 9.0;
			};
			name = Release;
		};
		8C5869D82C316A2100A18923 /* Debug */ = {
			isa = XCBuildConfiguration;
			buildSettings = {
				CODE_SIGN_STYLE = Automatic;
				CURRENT_PROJECT_VERSION = 1;
				DEVELOPMENT_TEAM = B57D8PP775;
				GCC_C_LANGUAGE_STANDARD = gnu17;
				GENERATE_INFOPLIST_FILE = YES;
				INFOPLIST_FILE = "DarockBrowser Intents/Info.plist";
				INFOPLIST_KEY_CFBundleDisplayName = "DarockBrowser Intents";
				INFOPLIST_KEY_NSHumanReadableCopyright = "2023-2024 Darock Studio";
				LD_RUNPATH_SEARCH_PATHS = (
					"$(inherited)",
					"@executable_path/Frameworks",
					"@executable_path/../../Frameworks",
					"@executable_path/../../../../Frameworks",
				);
				LOCALIZATION_PREFERS_STRING_CATALOGS = YES;
				MARKETING_VERSION = 1.0.0;
				PRODUCT_BUNDLE_IDENTIFIER = "com.darock.WatchBrowser.watchkitapp.DarockBrowser-Intents";
				PRODUCT_NAME = "$(TARGET_NAME)";
				SDKROOT = watchos;
				SKIP_INSTALL = YES;
				SWIFT_ACTIVE_COMPILATION_CONDITIONS = "DEBUG $(inherited)";
				SWIFT_EMIT_LOC_STRINGS = YES;
				SWIFT_VERSION = 5.0;
				TARGETED_DEVICE_FAMILY = 4;
				WATCHOS_DEPLOYMENT_TARGET = 9.0;
			};
			name = Debug;
		};
		8C5869D92C316A2100A18923 /* Release */ = {
			isa = XCBuildConfiguration;
			buildSettings = {
				CODE_SIGN_STYLE = Automatic;
				CURRENT_PROJECT_VERSION = 1;
				DEVELOPMENT_TEAM = B57D8PP775;
				GCC_C_LANGUAGE_STANDARD = gnu17;
				GENERATE_INFOPLIST_FILE = YES;
				INFOPLIST_FILE = "DarockBrowser Intents/Info.plist";
				INFOPLIST_KEY_CFBundleDisplayName = "DarockBrowser Intents";
				INFOPLIST_KEY_NSHumanReadableCopyright = "2023-2024 Darock Studio";
				LD_RUNPATH_SEARCH_PATHS = (
					"$(inherited)",
					"@executable_path/Frameworks",
					"@executable_path/../../Frameworks",
					"@executable_path/../../../../Frameworks",
				);
				LOCALIZATION_PREFERS_STRING_CATALOGS = YES;
				MARKETING_VERSION = 1.0.0;
				PRODUCT_BUNDLE_IDENTIFIER = "com.darock.WatchBrowser.watchkitapp.DarockBrowser-Intents";
				PRODUCT_NAME = "$(TARGET_NAME)";
				SDKROOT = watchos;
				SKIP_INSTALL = YES;
				SWIFT_EMIT_LOC_STRINGS = YES;
				SWIFT_VERSION = 5.0;
				TARGETED_DEVICE_FAMILY = 4;
				VALIDATE_PRODUCT = YES;
				WATCHOS_DEPLOYMENT_TARGET = 9.0;
			};
			name = Release;
		};
		8CA1E0C62C13DD620092DFCA /* Debug */ = {
			isa = XCBuildConfiguration;
			buildSettings = {
				ASSETCATALOG_COMPILER_GENERATE_SWIFT_ASSET_SYMBOL_EXTENSIONS = YES;
				CODE_SIGN_STYLE = Automatic;
				CURRENT_PROJECT_VERSION = 1;
				DEVELOPMENT_TEAM = B57D8PP775;
				GCC_C_LANGUAGE_STANDARD = gnu17;
				GENERATE_INFOPLIST_FILE = YES;
				LOCALIZATION_PREFERS_STRING_CATALOGS = YES;
				MARKETING_VERSION = 1.0;
				PRODUCT_BUNDLE_IDENTIFIER = com.darock.DarockBrowserUITests;
				PRODUCT_NAME = "$(TARGET_NAME)";
				SDKROOT = watchos;
				SWIFT_ACTIVE_COMPILATION_CONDITIONS = "DEBUG $(inherited)";
				SWIFT_EMIT_LOC_STRINGS = NO;
				SWIFT_VERSION = 5.0;
				TARGETED_DEVICE_FAMILY = 4;
				TEST_TARGET_NAME = "WatchBrowser Watch App";
				WATCHOS_DEPLOYMENT_TARGET = 9.0;
			};
			name = Debug;
		};
		8CA1E0C72C13DD620092DFCA /* Release */ = {
			isa = XCBuildConfiguration;
			buildSettings = {
				ASSETCATALOG_COMPILER_GENERATE_SWIFT_ASSET_SYMBOL_EXTENSIONS = YES;
				CODE_SIGN_STYLE = Automatic;
				CURRENT_PROJECT_VERSION = 1;
				DEVELOPMENT_TEAM = B57D8PP775;
				GCC_C_LANGUAGE_STANDARD = gnu17;
				GENERATE_INFOPLIST_FILE = YES;
				LOCALIZATION_PREFERS_STRING_CATALOGS = YES;
				MARKETING_VERSION = 1.0;
				PRODUCT_BUNDLE_IDENTIFIER = com.darock.DarockBrowserUITests;
				PRODUCT_NAME = "$(TARGET_NAME)";
				SDKROOT = watchos;
				SWIFT_EMIT_LOC_STRINGS = NO;
				SWIFT_VERSION = 5.0;
				TARGETED_DEVICE_FAMILY = 4;
				TEST_TARGET_NAME = "WatchBrowser Watch App";
				VALIDATE_PRODUCT = YES;
				WATCHOS_DEPLOYMENT_TARGET = 9.0;
			};
			name = Release;
		};
/* End XCBuildConfiguration section */

/* Begin XCConfigurationList section */
		6BF209E52990E61C00E623FC /* Build configuration list for PBXProject "WatchBrowser" */ = {
			isa = XCConfigurationList;
			buildConfigurations = (
				6BF209FC2990E61E00E623FC /* Debug */,
				6BF209FD2990E61E00E623FC /* Release */,
			);
			defaultConfigurationIsVisible = 0;
			defaultConfigurationName = Release;
		};
		6BF209FE2990E61E00E623FC /* Build configuration list for PBXNativeTarget "WatchBrowser Watch App" */ = {
			isa = XCConfigurationList;
			buildConfigurations = (
				6BF209FF2990E61E00E623FC /* Debug */,
				6BF20A002990E61E00E623FC /* Release */,
			);
			defaultConfigurationIsVisible = 0;
			defaultConfigurationName = Release;
		};
		6BF20A022990E61E00E623FC /* Build configuration list for PBXNativeTarget "WatchBrowser" */ = {
			isa = XCConfigurationList;
			buildConfigurations = (
				6BF20A032990E61E00E623FC /* Debug */,
				6BF20A042990E61E00E623FC /* Release */,
			);
			defaultConfigurationIsVisible = 0;
			defaultConfigurationName = Release;
		};
		8C52811E2C22FA3C00392315 /* Build configuration list for PBXNativeTarget "TripleQuestionmarkCore" */ = {
			isa = XCConfigurationList;
			buildConfigurations = (
				8C52811F2C22FA3C00392315 /* Debug */,
				8C5281202C22FA3C00392315 /* Release */,
			);
			defaultConfigurationIsVisible = 0;
			defaultConfigurationName = Release;
		};
		8C547B042C3296D40093D592 /* Build configuration list for PBXNativeTarget "DarockBrowserUnitTests" */ = {
			isa = XCConfigurationList;
			buildConfigurations = (
				8C547B052C3296D40093D592 /* Debug */,
				8C547B062C3296D40093D592 /* Release */,
			);
			defaultConfigurationIsVisible = 0;
			defaultConfigurationName = Release;
		};
		8C5869D72C316A2100A18923 /* Build configuration list for PBXNativeTarget "DarockBrowser Intents" */ = {
			isa = XCConfigurationList;
			buildConfigurations = (
				8C5869D82C316A2100A18923 /* Debug */,
				8C5869D92C316A2100A18923 /* Release */,
			);
			defaultConfigurationIsVisible = 0;
			defaultConfigurationName = Release;
		};
		8CA1E0C52C13DD620092DFCA /* Build configuration list for PBXNativeTarget "DarockBrowserUITests" */ = {
			isa = XCConfigurationList;
			buildConfigurations = (
				8CA1E0C62C13DD620092DFCA /* Debug */,
				8CA1E0C72C13DD620092DFCA /* Release */,
			);
			defaultConfigurationIsVisible = 0;
			defaultConfigurationName = Release;
		};
/* End XCConfigurationList section */

/* Begin XCRemoteSwiftPackageReference section */
		6BFFCC542A8A6CF3001175EE /* XCRemoteSwiftPackageReference "DarockKit" */ = {
			isa = XCRemoteSwiftPackageReference;
			repositoryURL = "https://github.com/Darock-Studio/DarockKit";
			requirement = {
				branch = main;
				kind = branch;
			};
		};
		8C5D647E2C1D9D7C008E591B /* XCRemoteSwiftPackageReference "Cepheus" */ = {
			isa = XCRemoteSwiftPackageReference;
			repositoryURL = "https://github.com/Serene-Garden/Cepheus";
			requirement = {
				kind = upToNextMajorVersion;
				minimumVersion = 2.0.1;
			};
		};
		8C5D64812C1D9D9C008E591B /* XCRemoteSwiftPackageReference "swift-markdown-ui" */ = {
			isa = XCRemoteSwiftPackageReference;
			repositoryURL = "https://github.com/electricsidecar-dev/swift-markdown-ui";
			requirement = {
				branch = recursive;
				kind = branch;
			};
		};
		8C7C4D3F2C2D87B200FD282B /* XCRemoteSwiftPackageReference "EPUBKit" */ = {
			isa = XCRemoteSwiftPackageReference;
			repositoryURL = "https://github.com/witekbobrowski/EPUBKit";
			requirement = {
				kind = upToNextMajorVersion;
				minimumVersion = 0.4.0;
			};
		};
		8CA453792AE3C5F600138CE4 /* XCRemoteSwiftPackageReference "EFQRCode" */ = {
			isa = XCRemoteSwiftPackageReference;
			repositoryURL = "https://github.com/EFPrefix/EFQRCode";
			requirement = {
				kind = upToNextMajorVersion;
				minimumVersion = 6.2.2;
			};
		};
		8CA7B84A2BE3E025004643FE /* XCRemoteSwiftPackageReference "SDWebImageSwiftUI" */ = {
			isa = XCRemoteSwiftPackageReference;
			repositoryURL = "https://github.com/SDWebImage/SDWebImageSwiftUI";
			requirement = {
				kind = upToNextMajorVersion;
				minimumVersion = 3.0.4;
			};
		};
		8CA7B84D2BE3E053004643FE /* XCRemoteSwiftPackageReference "SDWebImageWebPCoder" */ = {
			isa = XCRemoteSwiftPackageReference;
			repositoryURL = "https://github.com/SDWebImage/SDWebImageWebPCoder";
			requirement = {
				kind = upToNextMajorVersion;
				minimumVersion = 0.14.6;
			};
		};
		8CA7B8502BE3E078004643FE /* XCRemoteSwiftPackageReference "SDWebImageSVGCoder" */ = {
			isa = XCRemoteSwiftPackageReference;
			repositoryURL = "https://github.com/SDWebImage/SDWebImageSVGCoder";
			requirement = {
				kind = upToNextMajorVersion;
				minimumVersion = 1.7.0;
			};
		};
		8CAC41B92BEFF32200CE9278 /* XCRemoteSwiftPackageReference "SupportsUICore" */ = {
			isa = XCRemoteSwiftPackageReference;
			repositoryURL = "https://github.com/Darock-Studio/SupportsUICore";
			requirement = {
				branch = main;
				kind = branch;
			};
		};
		8CAF38F52BD4F960006B9B16 /* XCRemoteSwiftPackageReference "SwiftSoup" */ = {
			isa = XCRemoteSwiftPackageReference;
			repositoryURL = "https://github.com/scinfu/SwiftSoup";
			requirement = {
				kind = upToNextMajorVersion;
				minimumVersion = 2.7.2;
			};
		};
		8CB349F12C32B87700CB6AC3 /* XCRemoteSwiftPackageReference "Vela" */ = {
			isa = XCRemoteSwiftPackageReference;
			repositoryURL = "https://github.com/Serene-Garden/Vela";
			requirement = {
				kind = upToNextMajorVersion;
				minimumVersion = 2.0.1;
			};
		};
		8CB803CA2BD3D776009B2FAC /* XCRemoteSwiftPackageReference "Dynamic" */ = {
			isa = XCRemoteSwiftPackageReference;
			repositoryURL = "https://github.com/mhdhejazi/Dynamic";
			requirement = {
				kind = upToNextMajorVersion;
				minimumVersion = 1.2.0;
			};
		};
/* End XCRemoteSwiftPackageReference section */

/* Begin XCSwiftPackageProductDependency section */
		6B0253D72A4EFB0100567986 /* DarockKit */ = {
			isa = XCSwiftPackageProductDependency;
			productName = DarockKit;
		};
		6BFFCC552A8A6CF3001175EE /* DarockKit */ = {
			isa = XCSwiftPackageProductDependency;
			package = 6BFFCC542A8A6CF3001175EE /* XCRemoteSwiftPackageReference "DarockKit" */;
			productName = DarockKit;
		};
		8C5D647F2C1D9D7C008E591B /* Cepheus */ = {
			isa = XCSwiftPackageProductDependency;
			package = 8C5D647E2C1D9D7C008E591B /* XCRemoteSwiftPackageReference "Cepheus" */;
			productName = Cepheus;
		};
		8C5D64822C1D9D9C008E591B /* MarkdownUI */ = {
			isa = XCSwiftPackageProductDependency;
			package = 8C5D64812C1D9D9C008E591B /* XCRemoteSwiftPackageReference "swift-markdown-ui" */;
			productName = MarkdownUI;
		};
		8C7C4D402C2D87B300FD282B /* EPUBKit */ = {
			isa = XCSwiftPackageProductDependency;
			package = 8C7C4D3F2C2D87B200FD282B /* XCRemoteSwiftPackageReference "EPUBKit" */;
			productName = EPUBKit;
		};
		8CA4537A2AE3C5F600138CE4 /* EFQRCode */ = {
			isa = XCSwiftPackageProductDependency;
			package = 8CA453792AE3C5F600138CE4 /* XCRemoteSwiftPackageReference "EFQRCode" */;
			productName = EFQRCode;
		};
		8CA7B84B2BE3E025004643FE /* SDWebImageSwiftUI */ = {
			isa = XCSwiftPackageProductDependency;
			package = 8CA7B84A2BE3E025004643FE /* XCRemoteSwiftPackageReference "SDWebImageSwiftUI" */;
			productName = SDWebImageSwiftUI;
		};
		8CA7B84E2BE3E053004643FE /* SDWebImageWebPCoder */ = {
			isa = XCSwiftPackageProductDependency;
			package = 8CA7B84D2BE3E053004643FE /* XCRemoteSwiftPackageReference "SDWebImageWebPCoder" */;
			productName = SDWebImageWebPCoder;
		};
		8CA7B8512BE3E078004643FE /* SDWebImageSVGCoder */ = {
			isa = XCSwiftPackageProductDependency;
			package = 8CA7B8502BE3E078004643FE /* XCRemoteSwiftPackageReference "SDWebImageSVGCoder" */;
			productName = SDWebImageSVGCoder;
		};
		8CAC41BA2BEFF32300CE9278 /* SupportsUICore */ = {
			isa = XCSwiftPackageProductDependency;
			package = 8CAC41B92BEFF32200CE9278 /* XCRemoteSwiftPackageReference "SupportsUICore" */;
			productName = SupportsUICore;
		};
		8CAF38F62BD4F960006B9B16 /* SwiftSoup */ = {
			isa = XCSwiftPackageProductDependency;
			package = 8CAF38F52BD4F960006B9B16 /* XCRemoteSwiftPackageReference "SwiftSoup" */;
			productName = SwiftSoup;
		};
		8CB349F42C32BF5100CB6AC3 /* Vela */ = {
			isa = XCSwiftPackageProductDependency;
			package = 8CB349F12C32B87700CB6AC3 /* XCRemoteSwiftPackageReference "Vela" */;
			productName = Vela;
		};
		8CB803CB2BD3D776009B2FAC /* Dynamic */ = {
			isa = XCSwiftPackageProductDependency;
			package = 8CB803CA2BD3D776009B2FAC /* XCRemoteSwiftPackageReference "Dynamic" */;
			productName = Dynamic;
		};
/* End XCSwiftPackageProductDependency section */
	};
	rootObject = 6BF209E22990E61C00E623FC /* Project object */;
}
