// !$*UTF8*$!
{
	archiveVersion = 1;
	classes = {
	};
	objectVersion = 56;
	objects = {

/* Begin PBXBuildFile section */
		45118DC5A4065D06CADF7CBE /* Pods_WatchBrowser.framework in Frameworks */ = {isa = PBXBuildFile; fileRef = 3189B6006A74D28B17F546A9 /* Pods_WatchBrowser.framework */; };
		6B6DA6B72A0149EF00BBE6CA /* HistoryView.swift in Sources */ = {isa = PBXBuildFile; fileRef = 6B6DA6B62A0149EF00BBE6CA /* HistoryView.swift */; };
		6BF209EF2990E61C00E623FC /* 抬腕浏览器.app in Embed Watch Content */ = {isa = PBXBuildFile; fileRef = 6BF209EE2990E61C00E623FC /* 抬腕浏览器.app */; settings = {ATTRIBUTES = (RemoveHeadersOnCopy, ); }; };
		6BF209F42990E61C00E623FC /* WatchBrowserApp.swift in Sources */ = {isa = PBXBuildFile; fileRef = 6BF209F32990E61C00E623FC /* WatchBrowserApp.swift */; };
		6BF209F62990E61C00E623FC /* ContentView.swift in Sources */ = {isa = PBXBuildFile; fileRef = 6BF209F52990E61C00E623FC /* ContentView.swift */; };
		6BF209F82990E61E00E623FC /* Assets.xcassets in Resources */ = {isa = PBXBuildFile; fileRef = 6BF209F72990E61E00E623FC /* Assets.xcassets */; };
		6BF209FB2990E61E00E623FC /* Preview Assets.xcassets in Resources */ = {isa = PBXBuildFile; fileRef = 6BF209FA2990E61E00E623FC /* Preview Assets.xcassets */; };
		6BF20A062990F3EF00E623FC /* EnginesView.swift in Sources */ = {isa = PBXBuildFile; fileRef = 6BF20A052990F3EF00E623FC /* EnginesView.swift */; };
		6BF20A0A299100AE00E623FC /* BookmarkView.swift in Sources */ = {isa = PBXBuildFile; fileRef = 6BF20A09299100AE00E623FC /* BookmarkView.swift */; };
		6BF20A0D2991302C00E623FC /* ExtKeyboardView.swift in Sources */ = {isa = PBXBuildFile; fileRef = 6BF20A0C2991302C00E623FC /* ExtKeyboardView.swift */; };
		EB669D3327B8C27C88E572C5 /* Pods_WatchBrowser_Watch_App.framework in Frameworks */ = {isa = PBXBuildFile; fileRef = A9273911C54821B989FA5AD9 /* Pods_WatchBrowser_Watch_App.framework */; };
/* End PBXBuildFile section */

/* Begin PBXContainerItemProxy section */
		6BF209F02990E61C00E623FC /* PBXContainerItemProxy */ = {
			isa = PBXContainerItemProxy;
			containerPortal = 6BF209E22990E61C00E623FC /* Project object */;
			proxyType = 1;
			remoteGlobalIDString = 6BF209ED2990E61C00E623FC;
			remoteInfo = "WatchBrowser Watch App";
		};
/* End PBXContainerItemProxy section */

/* Begin PBXCopyFilesBuildPhase section */
		6BF20A012990E61E00E623FC /* Embed Watch Content */ = {
			isa = PBXCopyFilesBuildPhase;
			buildActionMask = 2147483647;
			dstPath = "$(CONTENTS_FOLDER_PATH)/Watch";
			dstSubfolderSpec = 16;
			files = (
				6BF209EF2990E61C00E623FC /* 抬腕浏览器.app in Embed Watch Content */,
			);
			name = "Embed Watch Content";
			runOnlyForDeploymentPostprocessing = 0;
		};
/* End PBXCopyFilesBuildPhase section */

/* Begin PBXFileReference section */
		3189B6006A74D28B17F546A9 /* Pods_WatchBrowser.framework */ = {isa = PBXFileReference; explicitFileType = wrapper.framework; includeInIndex = 0; path = Pods_WatchBrowser.framework; sourceTree = BUILT_PRODUCTS_DIR; };
		6ADCD73F0F8884D579B74775 /* Pods-WatchBrowser Watch App.debug.xcconfig */ = {isa = PBXFileReference; includeInIndex = 1; lastKnownFileType = text.xcconfig; name = "Pods-WatchBrowser Watch App.debug.xcconfig"; path = "Target Support Files/Pods-WatchBrowser Watch App/Pods-WatchBrowser Watch App.debug.xcconfig"; sourceTree = "<group>"; };
		6B6DA6B62A0149EF00BBE6CA /* HistoryView.swift */ = {isa = PBXFileReference; lastKnownFileType = sourcecode.swift; path = HistoryView.swift; sourceTree = "<group>"; };
		6BF209E82990E61C00E623FC /* WatchBrowser.app */ = {isa = PBXFileReference; explicitFileType = wrapper.application; includeInIndex = 0; path = WatchBrowser.app; sourceTree = BUILT_PRODUCTS_DIR; };
		6BF209EE2990E61C00E623FC /* 抬腕浏览器.app */ = {isa = PBXFileReference; explicitFileType = wrapper.application; includeInIndex = 0; path = "抬腕浏览器.app"; sourceTree = BUILT_PRODUCTS_DIR; };
		6BF209F32990E61C00E623FC /* WatchBrowserApp.swift */ = {isa = PBXFileReference; lastKnownFileType = sourcecode.swift; path = WatchBrowserApp.swift; sourceTree = "<group>"; };
		6BF209F52990E61C00E623FC /* ContentView.swift */ = {isa = PBXFileReference; lastKnownFileType = sourcecode.swift; path = ContentView.swift; sourceTree = "<group>"; };
		6BF209F72990E61E00E623FC /* Assets.xcassets */ = {isa = PBXFileReference; lastKnownFileType = folder.assetcatalog; path = Assets.xcassets; sourceTree = "<group>"; };
		6BF209FA2990E61E00E623FC /* Preview Assets.xcassets */ = {isa = PBXFileReference; lastKnownFileType = folder.assetcatalog; path = "Preview Assets.xcassets"; sourceTree = "<group>"; };
		6BF20A052990F3EF00E623FC /* EnginesView.swift */ = {isa = PBXFileReference; lastKnownFileType = sourcecode.swift; path = EnginesView.swift; sourceTree = "<group>"; };
		6BF20A09299100AE00E623FC /* BookmarkView.swift */ = {isa = PBXFileReference; lastKnownFileType = sourcecode.swift; path = BookmarkView.swift; sourceTree = "<group>"; };
		6BF20A0C2991302C00E623FC /* ExtKeyboardView.swift */ = {isa = PBXFileReference; lastKnownFileType = sourcecode.swift; path = ExtKeyboardView.swift; sourceTree = "<group>"; };
		6D88E55F611EB70A130405A4 /* Pods-WatchBrowser Watch App.release.xcconfig */ = {isa = PBXFileReference; includeInIndex = 1; lastKnownFileType = text.xcconfig; name = "Pods-WatchBrowser Watch App.release.xcconfig"; path = "Target Support Files/Pods-WatchBrowser Watch App/Pods-WatchBrowser Watch App.release.xcconfig"; sourceTree = "<group>"; };
		8242CED618213B031D178CBD /* Pods-WatchBrowser.release.xcconfig */ = {isa = PBXFileReference; includeInIndex = 1; lastKnownFileType = text.xcconfig; name = "Pods-WatchBrowser.release.xcconfig"; path = "Target Support Files/Pods-WatchBrowser/Pods-WatchBrowser.release.xcconfig"; sourceTree = "<group>"; };
		A9273911C54821B989FA5AD9 /* Pods_WatchBrowser_Watch_App.framework */ = {isa = PBXFileReference; explicitFileType = wrapper.framework; includeInIndex = 0; path = Pods_WatchBrowser_Watch_App.framework; sourceTree = BUILT_PRODUCTS_DIR; };
		B5AEA8BAFDAE784A73490E0B /* Pods-WatchBrowser.debug.xcconfig */ = {isa = PBXFileReference; includeInIndex = 1; lastKnownFileType = text.xcconfig; name = "Pods-WatchBrowser.debug.xcconfig"; path = "Target Support Files/Pods-WatchBrowser/Pods-WatchBrowser.debug.xcconfig"; sourceTree = "<group>"; };
/* End PBXFileReference section */

/* Begin PBXFrameworksBuildPhase section */
		6BF209EB2990E61C00E623FC /* Frameworks */ = {
			isa = PBXFrameworksBuildPhase;
			buildActionMask = 2147483647;
			files = (
				EB669D3327B8C27C88E572C5 /* Pods_WatchBrowser_Watch_App.framework in Frameworks */,
			);
			runOnlyForDeploymentPostprocessing = 0;
		};
		F80BDB35D391E4AFB9701932 /* Frameworks */ = {
			isa = PBXFrameworksBuildPhase;
			buildActionMask = 2147483647;
			files = (
				45118DC5A4065D06CADF7CBE /* Pods_WatchBrowser.framework in Frameworks */,
			);
			runOnlyForDeploymentPostprocessing = 0;
		};
/* End PBXFrameworksBuildPhase section */

/* Begin PBXGroup section */
		0B761D38E0842A581907A24A /* Frameworks */ = {
			isa = PBXGroup;
			children = (
				3189B6006A74D28B17F546A9 /* Pods_WatchBrowser.framework */,
				A9273911C54821B989FA5AD9 /* Pods_WatchBrowser_Watch_App.framework */,
			);
			name = Frameworks;
			sourceTree = "<group>";
		};
		26F818585808421B11E106A9 /* Pods */ = {
			isa = PBXGroup;
			children = (
				B5AEA8BAFDAE784A73490E0B /* Pods-WatchBrowser.debug.xcconfig */,
				8242CED618213B031D178CBD /* Pods-WatchBrowser.release.xcconfig */,
				6ADCD73F0F8884D579B74775 /* Pods-WatchBrowser Watch App.debug.xcconfig */,
				6D88E55F611EB70A130405A4 /* Pods-WatchBrowser Watch App.release.xcconfig */,
			);
			path = Pods;
			sourceTree = "<group>";
		};
		6BF209E12990E61C00E623FC = {
			isa = PBXGroup;
			children = (
				6BF209F22990E61C00E623FC /* WatchBrowser Watch App */,
				6BF209E92990E61C00E623FC /* Products */,
				26F818585808421B11E106A9 /* Pods */,
				0B761D38E0842A581907A24A /* Frameworks */,
			);
			sourceTree = "<group>";
		};
		6BF209E92990E61C00E623FC /* Products */ = {
			isa = PBXGroup;
			children = (
				6BF209E82990E61C00E623FC /* WatchBrowser.app */,
				6BF209EE2990E61C00E623FC /* 抬腕浏览器.app */,
			);
			name = Products;
			sourceTree = "<group>";
		};
		6BF209F22990E61C00E623FC /* WatchBrowser Watch App */ = {
			isa = PBXGroup;
			children = (
				6BF209F32990E61C00E623FC /* WatchBrowserApp.swift */,
				6BF209F52990E61C00E623FC /* ContentView.swift */,
				6BF20A052990F3EF00E623FC /* EnginesView.swift */,
				6BF20A09299100AE00E623FC /* BookmarkView.swift */,
				6B6DA6B62A0149EF00BBE6CA /* HistoryView.swift */,
				6BF20A0C2991302C00E623FC /* ExtKeyboardView.swift */,
				6BF209F72990E61E00E623FC /* Assets.xcassets */,
				6BF209F92990E61E00E623FC /* Preview Content */,
			);
			path = "WatchBrowser Watch App";
			sourceTree = "<group>";
		};
		6BF209F92990E61E00E623FC /* Preview Content */ = {
			isa = PBXGroup;
			children = (
				6BF209FA2990E61E00E623FC /* Preview Assets.xcassets */,
			);
			path = "Preview Content";
			sourceTree = "<group>";
		};
/* End PBXGroup section */

/* Begin PBXNativeTarget section */
		6BF209E72990E61C00E623FC /* WatchBrowser */ = {
			isa = PBXNativeTarget;
			buildConfigurationList = 6BF20A022990E61E00E623FC /* Build configuration list for PBXNativeTarget "WatchBrowser" */;
			buildPhases = (
				7E43F414B5B82E90ACFA4C2D /* [CP] Check Pods Manifest.lock */,
				6BF209E62990E61C00E623FC /* Resources */,
				6BF20A012990E61E00E623FC /* Embed Watch Content */,
				F80BDB35D391E4AFB9701932 /* Frameworks */,
			);
			buildRules = (
			);
			dependencies = (
				6BF209F12990E61C00E623FC /* PBXTargetDependency */,
			);
			name = WatchBrowser;
			productName = WatchBrowser;
			productReference = 6BF209E82990E61C00E623FC /* WatchBrowser.app */;
			productType = "com.apple.product-type.application.watchapp2-container";
		};
		6BF209ED2990E61C00E623FC /* WatchBrowser Watch App */ = {
			isa = PBXNativeTarget;
			buildConfigurationList = 6BF209FE2990E61E00E623FC /* Build configuration list for PBXNativeTarget "WatchBrowser Watch App" */;
			buildPhases = (
				1DC9FAABF4FB47FC7D204D23 /* [CP] Check Pods Manifest.lock */,
				6BF209EA2990E61C00E623FC /* Sources */,
				6BF209EB2990E61C00E623FC /* Frameworks */,
				6BF209EC2990E61C00E623FC /* Resources */,
			);
			buildRules = (
			);
			dependencies = (
			);
			name = "WatchBrowser Watch App";
			productName = "WatchBrowser Watch App";
			productReference = 6BF209EE2990E61C00E623FC /* 抬腕浏览器.app */;
			productType = "com.apple.product-type.application";
		};
/* End PBXNativeTarget section */

/* Begin PBXProject section */
		6BF209E22990E61C00E623FC /* Project object */ = {
			isa = PBXProject;
			attributes = {
				BuildIndependentTargetsInParallel = 1;
				LastSwiftUpdateCheck = 1420;
				LastUpgradeCheck = 1430;
				TargetAttributes = {
					6BF209E72990E61C00E623FC = {
						CreatedOnToolsVersion = 14.2;
					};
					6BF209ED2990E61C00E623FC = {
						CreatedOnToolsVersion = 14.2;
					};
				};
			};
			buildConfigurationList = 6BF209E52990E61C00E623FC /* Build configuration list for PBXProject "WatchBrowser" */;
			compatibilityVersion = "Xcode 14.0";
			developmentRegion = "zh-Hans";
			hasScannedForEncodings = 0;
			knownRegions = (
				Base,
				"zh-Hans",
			);
			mainGroup = 6BF209E12990E61C00E623FC;
			productRefGroup = 6BF209E92990E61C00E623FC /* Products */;
			projectDirPath = "";
			projectRoot = "";
			targets = (
				6BF209E72990E61C00E623FC /* WatchBrowser */,
				6BF209ED2990E61C00E623FC /* WatchBrowser Watch App */,
			);
		};
/* End PBXProject section */

/* Begin PBXResourcesBuildPhase section */
		6BF209E62990E61C00E623FC /* Resources */ = {
			isa = PBXResourcesBuildPhase;
			buildActionMask = 2147483647;
			files = (
			);
			runOnlyForDeploymentPostprocessing = 0;
		};
		6BF209EC2990E61C00E623FC /* Resources */ = {
			isa = PBXResourcesBuildPhase;
			buildActionMask = 2147483647;
			files = (
				6BF209FB2990E61E00E623FC /* Preview Assets.xcassets in Resources */,
				6BF209F82990E61E00E623FC /* Assets.xcassets in Resources */,
			);
			runOnlyForDeploymentPostprocessing = 0;
		};
/* End PBXResourcesBuildPhase section */

/* Begin PBXShellScriptBuildPhase section */
		1DC9FAABF4FB47FC7D204D23 /* [CP] Check Pods Manifest.lock */ = {
			isa = PBXShellScriptBuildPhase;
			buildActionMask = 2147483647;
			files = (
			);
			inputFileListPaths = (
			);
			inputPaths = (
				"${PODS_PODFILE_DIR_PATH}/Podfile.lock",
				"${PODS_ROOT}/Manifest.lock",
			);
			name = "[CP] Check Pods Manifest.lock";
			outputFileListPaths = (
			);
			outputPaths = (
				"$(DERIVED_FILE_DIR)/Pods-WatchBrowser Watch App-checkManifestLockResult.txt",
			);
			runOnlyForDeploymentPostprocessing = 0;
			shellPath = /bin/sh;
			shellScript = "diff \"${PODS_PODFILE_DIR_PATH}/Podfile.lock\" \"${PODS_ROOT}/Manifest.lock\" > /dev/null\nif [ $? != 0 ] ; then\n    # print error to STDERR\n    echo \"error: The sandbox is not in sync with the Podfile.lock. Run 'pod install' or update your CocoaPods installation.\" >&2\n    exit 1\nfi\n# This output is used by Xcode 'outputs' to avoid re-running this script phase.\necho \"SUCCESS\" > \"${SCRIPT_OUTPUT_FILE_0}\"\n";
			showEnvVarsInLog = 0;
		};
		7E43F414B5B82E90ACFA4C2D /* [CP] Check Pods Manifest.lock */ = {
			isa = PBXShellScriptBuildPhase;
			buildActionMask = 2147483647;
			files = (
			);
			inputFileListPaths = (
			);
			inputPaths = (
				"${PODS_PODFILE_DIR_PATH}/Podfile.lock",
				"${PODS_ROOT}/Manifest.lock",
			);
			name = "[CP] Check Pods Manifest.lock";
			outputFileListPaths = (
			);
			outputPaths = (
				"$(DERIVED_FILE_DIR)/Pods-WatchBrowser-checkManifestLockResult.txt",
			);
			runOnlyForDeploymentPostprocessing = 0;
			shellPath = /bin/sh;
			shellScript = "diff \"${PODS_PODFILE_DIR_PATH}/Podfile.lock\" \"${PODS_ROOT}/Manifest.lock\" > /dev/null\nif [ $? != 0 ] ; then\n    # print error to STDERR\n    echo \"error: The sandbox is not in sync with the Podfile.lock. Run 'pod install' or update your CocoaPods installation.\" >&2\n    exit 1\nfi\n# This output is used by Xcode 'outputs' to avoid re-running this script phase.\necho \"SUCCESS\" > \"${SCRIPT_OUTPUT_FILE_0}\"\n";
			showEnvVarsInLog = 0;
		};
/* End PBXShellScriptBuildPhase section */

/* Begin PBXSourcesBuildPhase section */
		6BF209EA2990E61C00E623FC /* Sources */ = {
			isa = PBXSourcesBuildPhase;
			buildActionMask = 2147483647;
			files = (
				6BF20A062990F3EF00E623FC /* EnginesView.swift in Sources */,
				6B6DA6B72A0149EF00BBE6CA /* HistoryView.swift in Sources */,
				6BF20A0A299100AE00E623FC /* BookmarkView.swift in Sources */,
				6BF209F62990E61C00E623FC /* ContentView.swift in Sources */,
				6BF209F42990E61C00E623FC /* WatchBrowserApp.swift in Sources */,
				6BF20A0D2991302C00E623FC /* ExtKeyboardView.swift in Sources */,
			);
			runOnlyForDeploymentPostprocessing = 0;
		};
/* End PBXSourcesBuildPhase section */

/* Begin PBXTargetDependency section */
		6BF209F12990E61C00E623FC /* PBXTargetDependency */ = {
			isa = PBXTargetDependency;
			target = 6BF209ED2990E61C00E623FC /* WatchBrowser Watch App */;
			targetProxy = 6BF209F02990E61C00E623FC /* PBXContainerItemProxy */;
		};
/* End PBXTargetDependency section */

/* Begin XCBuildConfiguration section */
		6BF209FC2990E61E00E623FC /* Debug */ = {
			isa = XCBuildConfiguration;
			buildSettings = {
				ALWAYS_SEARCH_USER_PATHS = NO;
				CLANG_ANALYZER_NONNULL = YES;
				CLANG_ANALYZER_NUMBER_OBJECT_CONVERSION = YES_AGGRESSIVE;
				CLANG_CXX_LANGUAGE_STANDARD = "gnu++20";
				CLANG_ENABLE_MODULES = YES;
				CLANG_ENABLE_OBJC_ARC = YES;
				CLANG_ENABLE_OBJC_WEAK = YES;
				CLANG_WARN_BLOCK_CAPTURE_AUTORELEASING = YES;
				CLANG_WARN_BOOL_CONVERSION = YES;
				CLANG_WARN_COMMA = YES;
				CLANG_WARN_CONSTANT_CONVERSION = YES;
				CLANG_WARN_DEPRECATED_OBJC_IMPLEMENTATIONS = YES;
				CLANG_WARN_DIRECT_OBJC_ISA_USAGE = YES_ERROR;
				CLANG_WARN_DOCUMENTATION_COMMENTS = YES;
				CLANG_WARN_EMPTY_BODY = YES;
				CLANG_WARN_ENUM_CONVERSION = YES;
				CLANG_WARN_INFINITE_RECURSION = YES;
				CLANG_WARN_INT_CONVERSION = YES;
				CLANG_WARN_NON_LITERAL_NULL_CONVERSION = YES;
				CLANG_WARN_OBJC_IMPLICIT_RETAIN_SELF = YES;
				CLANG_WARN_OBJC_LITERAL_CONVERSION = YES;
				CLANG_WARN_OBJC_ROOT_CLASS = YES_ERROR;
				CLANG_WARN_QUOTED_INCLUDE_IN_FRAMEWORK_HEADER = YES;
				CLANG_WARN_RANGE_LOOP_ANALYSIS = YES;
				CLANG_WARN_STRICT_PROTOTYPES = YES;
				CLANG_WARN_SUSPICIOUS_MOVE = YES;
				CLANG_WARN_UNGUARDED_AVAILABILITY = YES_AGGRESSIVE;
				CLANG_WARN_UNREACHABLE_CODE = YES;
				CLANG_WARN__DUPLICATE_METHOD_MATCH = YES;
				COPY_PHASE_STRIP = NO;
				DEAD_CODE_STRIPPING = YES;
				DEBUG_INFORMATION_FORMAT = dwarf;
				ENABLE_STRICT_OBJC_MSGSEND = YES;
				ENABLE_TESTABILITY = YES;
				GCC_C_LANGUAGE_STANDARD = gnu11;
				GCC_DYNAMIC_NO_PIC = NO;
				GCC_NO_COMMON_BLOCKS = YES;
				GCC_OPTIMIZATION_LEVEL = 0;
				GCC_PREPROCESSOR_DEFINITIONS = (
					"DEBUG=1",
					"$(inherited)",
				);
				GCC_WARN_64_TO_32_BIT_CONVERSION = YES;
				GCC_WARN_ABOUT_RETURN_TYPE = YES_ERROR;
				GCC_WARN_UNDECLARED_SELECTOR = YES;
				GCC_WARN_UNINITIALIZED_AUTOS = YES_AGGRESSIVE;
				GCC_WARN_UNUSED_FUNCTION = YES;
				GCC_WARN_UNUSED_VARIABLE = YES;
				IPHONEOS_DEPLOYMENT_TARGET = 13.0;
				MTL_ENABLE_DEBUG_INFO = INCLUDE_SOURCE;
				MTL_FAST_MATH = YES;
				ONLY_ACTIVE_ARCH = YES;
				SWIFT_ACTIVE_COMPILATION_CONDITIONS = DEBUG;
				SWIFT_OPTIMIZATION_LEVEL = "-Onone";
				WATCHOS_DEPLOYMENT_TARGET = 8.0;
			};
			name = Debug;
		};
		6BF209FD2990E61E00E623FC /* Release */ = {
			isa = XCBuildConfiguration;
			buildSettings = {
				ALWAYS_SEARCH_USER_PATHS = NO;
				CLANG_ANALYZER_NONNULL = YES;
				CLANG_ANALYZER_NUMBER_OBJECT_CONVERSION = YES_AGGRESSIVE;
				CLANG_CXX_LANGUAGE_STANDARD = "gnu++20";
				CLANG_ENABLE_MODULES = YES;
				CLANG_ENABLE_OBJC_ARC = YES;
				CLANG_ENABLE_OBJC_WEAK = YES;
				CLANG_WARN_BLOCK_CAPTURE_AUTORELEASING = YES;
				CLANG_WARN_BOOL_CONVERSION = YES;
				CLANG_WARN_COMMA = YES;
				CLANG_WARN_CONSTANT_CONVERSION = YES;
				CLANG_WARN_DEPRECATED_OBJC_IMPLEMENTATIONS = YES;
				CLANG_WARN_DIRECT_OBJC_ISA_USAGE = YES_ERROR;
				CLANG_WARN_DOCUMENTATION_COMMENTS = YES;
				CLANG_WARN_EMPTY_BODY = YES;
				CLANG_WARN_ENUM_CONVERSION = YES;
				CLANG_WARN_INFINITE_RECURSION = YES;
				CLANG_WARN_INT_CONVERSION = YES;
				CLANG_WARN_NON_LITERAL_NULL_CONVERSION = YES;
				CLANG_WARN_OBJC_IMPLICIT_RETAIN_SELF = YES;
				CLANG_WARN_OBJC_LITERAL_CONVERSION = YES;
				CLANG_WARN_OBJC_ROOT_CLASS = YES_ERROR;
				CLANG_WARN_QUOTED_INCLUDE_IN_FRAMEWORK_HEADER = YES;
				CLANG_WARN_RANGE_LOOP_ANALYSIS = YES;
				CLANG_WARN_STRICT_PROTOTYPES = YES;
				CLANG_WARN_SUSPICIOUS_MOVE = YES;
				CLANG_WARN_UNGUARDED_AVAILABILITY = YES_AGGRESSIVE;
				CLANG_WARN_UNREACHABLE_CODE = YES;
				CLANG_WARN__DUPLICATE_METHOD_MATCH = YES;
				COPY_PHASE_STRIP = NO;
				DEAD_CODE_STRIPPING = YES;
				DEBUG_INFORMATION_FORMAT = "dwarf-with-dsym";
				ENABLE_NS_ASSERTIONS = NO;
				ENABLE_STRICT_OBJC_MSGSEND = YES;
				GCC_C_LANGUAGE_STANDARD = gnu11;
				GCC_NO_COMMON_BLOCKS = YES;
				GCC_WARN_64_TO_32_BIT_CONVERSION = YES;
				GCC_WARN_ABOUT_RETURN_TYPE = YES_ERROR;
				GCC_WARN_UNDECLARED_SELECTOR = YES;
				GCC_WARN_UNINITIALIZED_AUTOS = YES_AGGRESSIVE;
				GCC_WARN_UNUSED_FUNCTION = YES;
				GCC_WARN_UNUSED_VARIABLE = YES;
				IPHONEOS_DEPLOYMENT_TARGET = 13.0;
				MTL_ENABLE_DEBUG_INFO = NO;
				MTL_FAST_MATH = YES;
				SWIFT_COMPILATION_MODE = wholemodule;
				SWIFT_OPTIMIZATION_LEVEL = "-O";
				WATCHOS_DEPLOYMENT_TARGET = 8.0;
			};
			name = Release;
		};
		6BF209FF2990E61E00E623FC /* Debug */ = {
			isa = XCBuildConfiguration;
			baseConfigurationReference = 6ADCD73F0F8884D579B74775 /* Pods-WatchBrowser Watch App.debug.xcconfig */;
			buildSettings = {
				ASSETCATALOG_COMPILER_APPICON_NAME = AppIcon;
				ASSETCATALOG_COMPILER_GLOBAL_ACCENT_COLOR_NAME = AccentColor;
				CODE_SIGN_STYLE = Automatic;
				CURRENT_PROJECT_VERSION = 1;
				DEVELOPMENT_ASSET_PATHS = "\"WatchBrowser Watch App/Preview Content\"";
				DEVELOPMENT_TEAM = B57D8PP775;
				ENABLE_PREVIEWS = YES;
				GENERATE_INFOPLIST_FILE = YES;
				INFOPLIST_FILE = "WatchBrowser-Watch-App-Info.plist";
				INFOPLIST_KEY_CFBundleDisplayName = "暗礁浏览器";
				INFOPLIST_KEY_UISupportedInterfaceOrientations = "UIInterfaceOrientationPortrait UIInterfaceOrientationPortraitUpsideDown";
				INFOPLIST_KEY_WKWatchOnly = YES;
				LD_RUNPATH_SEARCH_PATHS = (
					"$(inherited)",
					"@executable_path/Frameworks",
				);
				MARKETING_VERSION = 2.0.0;
				PRODUCT_BUNDLE_IDENTIFIER = com.darock.WatchBrowser.watchkitapp;
				PRODUCT_NAME = "抬腕浏览器";
				SDKROOT = watchos;
				SKIP_INSTALL = YES;
				SWIFT_EMIT_LOC_STRINGS = YES;
				SWIFT_VERSION = 5.0;
				TARGETED_DEVICE_FAMILY = 4;
				WATCHOS_DEPLOYMENT_TARGET = 8.0;
			};
			name = Debug;
		};
		6BF20A002990E61E00E623FC /* Release */ = {
			isa = XCBuildConfiguration;
			baseConfigurationReference = 6D88E55F611EB70A130405A4 /* Pods-WatchBrowser Watch App.release.xcconfig */;
			buildSettings = {
				ASSETCATALOG_COMPILER_APPICON_NAME = AppIcon;
				ASSETCATALOG_COMPILER_GLOBAL_ACCENT_COLOR_NAME = AccentColor;
				CODE_SIGN_STYLE = Automatic;
				CURRENT_PROJECT_VERSION = 1;
				DEVELOPMENT_ASSET_PATHS = "\"WatchBrowser Watch App/Preview Content\"";
				DEVELOPMENT_TEAM = B57D8PP775;
				ENABLE_PREVIEWS = YES;
				GENERATE_INFOPLIST_FILE = YES;
				INFOPLIST_FILE = "WatchBrowser-Watch-App-Info.plist";
				INFOPLIST_KEY_CFBundleDisplayName = "暗礁浏览器";
				INFOPLIST_KEY_UISupportedInterfaceOrientations = "UIInterfaceOrientationPortrait UIInterfaceOrientationPortraitUpsideDown";
				INFOPLIST_KEY_WKWatchOnly = YES;
				LD_RUNPATH_SEARCH_PATHS = (
					"$(inherited)",
					"@executable_path/Frameworks",
				);
				MARKETING_VERSION = 2.0.0;
				PRODUCT_BUNDLE_IDENTIFIER = com.darock.WatchBrowser.watchkitapp;
				PRODUCT_NAME = "抬腕浏览器";
				SDKROOT = watchos;
				SKIP_INSTALL = YES;
				SWIFT_EMIT_LOC_STRINGS = YES;
				SWIFT_VERSION = 5.0;
				TARGETED_DEVICE_FAMILY = 4;
				VALIDATE_PRODUCT = YES;
				WATCHOS_DEPLOYMENT_TARGET = 8.0;
			};
			name = Release;
		};
		6BF20A032990E61E00E623FC /* Debug */ = {
			isa = XCBuildConfiguration;
			baseConfigurationReference = B5AEA8BAFDAE784A73490E0B /* Pods-WatchBrowser.debug.xcconfig */;
			buildSettings = {
				ALWAYS_EMBED_SWIFT_STANDARD_LIBRARIES = YES;
				CODE_SIGN_STYLE = Automatic;
				CURRENT_PROJECT_VERSION = 1;
				DEVELOPMENT_TEAM = B57D8PP775;
				INFOPLIST_KEY_CFBundleDisplayName = WatchBrowser;
				MARKETING_VERSION = 2.0.0;
				PRODUCT_BUNDLE_IDENTIFIER = com.darock.WatchBrowser;
				PRODUCT_NAME = "$(TARGET_NAME)";
				SDKROOT = iphoneos;
				SWIFT_VERSION = 5.0;
			};
			name = Debug;
		};
		6BF20A042990E61E00E623FC /* Release */ = {
			isa = XCBuildConfiguration;
			baseConfigurationReference = 8242CED618213B031D178CBD /* Pods-WatchBrowser.release.xcconfig */;
			buildSettings = {
				ALWAYS_EMBED_SWIFT_STANDARD_LIBRARIES = YES;
				CODE_SIGN_STYLE = Automatic;
				CURRENT_PROJECT_VERSION = 1;
				DEVELOPMENT_TEAM = B57D8PP775;
				INFOPLIST_KEY_CFBundleDisplayName = WatchBrowser;
				MARKETING_VERSION = 2.0.0;
				PRODUCT_BUNDLE_IDENTIFIER = com.darock.WatchBrowser;
				PRODUCT_NAME = "$(TARGET_NAME)";
				SDKROOT = iphoneos;
				SWIFT_VERSION = 5.0;
				VALIDATE_PRODUCT = YES;
			};
			name = Release;
		};
/* End XCBuildConfiguration section */

/* Begin XCConfigurationList section */
		6BF209E52990E61C00E623FC /* Build configuration list for PBXProject "WatchBrowser" */ = {
			isa = XCConfigurationList;
			buildConfigurations = (
				6BF209FC2990E61E00E623FC /* Debug */,
				6BF209FD2990E61E00E623FC /* Release */,
			);
			defaultConfigurationIsVisible = 0;
			defaultConfigurationName = Release;
		};
		6BF209FE2990E61E00E623FC /* Build configuration list for PBXNativeTarget "WatchBrowser Watch App" */ = {
			isa = XCConfigurationList;
			buildConfigurations = (
				6BF209FF2990E61E00E623FC /* Debug */,
				6BF20A002990E61E00E623FC /* Release */,
			);
			defaultConfigurationIsVisible = 0;
			defaultConfigurationName = Release;
		};
		6BF20A022990E61E00E623FC /* Build configuration list for PBXNativeTarget "WatchBrowser" */ = {
			isa = XCConfigurationList;
			buildConfigurations = (
				6BF20A032990E61E00E623FC /* Debug */,
				6BF20A042990E61E00E623FC /* Release */,
			);
			defaultConfigurationIsVisible = 0;
			defaultConfigurationName = Release;
		};
/* End XCConfigurationList section */
	};
	rootObject = 6BF209E22990E61C00E623FC /* Project object */;
}
