{
  "originHash" : "1160e0ffdac6f39e10f8dccce5fb9ced1c04b9d084f0a978fdf44e1321ee4fd1",
  "pins" : [
    {
      "identity" : "alamofire",
      "kind" : "remoteSourceControl",
      "location" : "https://github.com/Alamofire/Alamofire",
      "state" : {
        "revision" : "f455c2975872ccd2d9c81594c658af65716e9b9a",
        "version" : "5.9.1"
      }
    },
    {
      "identity" : "cepheus",
      "kind" : "remoteSourceControl",
      "location" : "https://github.com/Serene-Garden/Cepheus",
      "state" : {
        "revision" : "38adeadadc1b52a61db4078a80aac98af3311890",
        "version" : "2.0.2"
      }
    },
    {
      "identity" : "darockkit",
      "kind" : "remoteSourceControl",
      "location" : "https://github.com/Darock-Studio/DarockKit",
      "state" : {
        "branch" : "main",
        "revision" : "41a80cde6aca2756133a25b7fc3e8c11d8f27a3e"
      }
    },
    {
      "identity" : "dynamic",
      "kind" : "remoteSourceControl",
      "location" : "https://github.com/mhdhejazi/Dynamic",
      "state" : {
        "revision" : "ab9a2570862d54aed2663691bb767f881226a12f",
        "version" : "1.2.0"
      }
    },
    {
      "identity" : "efqrcode",
      "kind" : "remoteSourceControl",
      "location" : "https://github.com/EFPrefix/EFQRCode",
      "state" : {
        "revision" : "2991c2f318ad9529d93b2a73a382a3f9c72c64ce",
        "version" : "6.2.2"
      }
    },
    {
      "identity" : "libwebp-xcode",
      "kind" : "remoteSourceControl",
      "location" : "https://github.com/SDWebImage/libwebp-Xcode.git",
      "state" : {
        "revision" : "b2b1d20a90b14d11f6ef4241da6b81c1d3f171e4",
        "version" : "1.3.2"
      }
    },
    {
      "identity" : "networkimage",
      "kind" : "remoteSourceControl",
      "location" : "https://github.com/gonzalezreal/NetworkImage",
      "state" : {
        "revision" : "7aff8d1b31148d32c5933d75557d42f6323ee3d1",
        "version" : "6.0.0"
      }
    },
    {
      "identity" : "sdwebimage",
      "kind" : "remoteSourceControl",
      "location" : "https://github.com/SDWebImage/SDWebImage.git",
      "state" : {
        "revision" : "b8523c1642f3c142b06dd98443ea7c48343a4dfd",
        "version" : "5.19.3"
      }
    },
    {
      "identity" : "sdwebimagesvgcoder",
      "kind" : "remoteSourceControl",
      "location" : "https://github.com/SDWebImage/SDWebImageSVGCoder",
      "state" : {
        "revision" : "950167445ab703740569869c8b7510efc9d09a26",
        "version" : "1.7.0"
      }
    },
    {
      "identity" : "sdwebimageswiftui",
      "kind" : "remoteSourceControl",
      "location" : "https://github.com/SDWebImage/SDWebImageSwiftUI",
      "state" : {
        "revision" : "b7af5e6bd9c2987e41730400d1baad13d74a141a",
        "version" : "3.0.4"
      }
    },
    {
      "identity" : "sdwebimagewebpcoder",
      "kind" : "remoteSourceControl",
      "location" : "https://github.com/SDWebImage/SDWebImageWebPCoder",
      "state" : {
        "revision" : "f534cfe830a7807ecc3d0332127a502426cfa067",
        "version" : "0.14.6"
      }
    },
    {
      "identity" : "supportsuicore",
      "kind" : "remoteSourceControl",
      "location" : "https://github.com/Darock-Studio/SupportsUICore",
      "state" : {
        "branch" : "main",
        "revision" : "2460d64cf0419fd2606b08f24558496d8fe8a360"
      }
    },
    {
      "identity" : "swift-markdown-ui",
      "kind" : "remoteSourceControl",
      "location" : "https://github.com/electricsidecar-dev/swift-markdown-ui",
      "state" : {
        "branch" : "recursive",
        "revision" : "f0d1b7fe722e6eda41db2e56f75529956ffa42fa"
      }
    },
    {
      "identity" : "swift_qrcodejs",
      "kind" : "remoteSourceControl",
      "location" : "https://github.com/ApolloZhu/swift_qrcodejs.git",
      "state" : {
        "revision" : "374dc7f7b9e76c6aeb393f6a84590c6d387e1ecb",
        "version" : "2.2.2"
      }
    },
    {
      "identity" : "swiftdate",
      "kind" : "remoteSourceControl",
      "location" : "https://github.com/malcommac/SwiftDate",
      "state" : {
        "revision" : "5d943224c3bb173e6ecf27295611615eba90c80e",
        "version" : "7.0.0"
      }
    },
    {
      "identity" : "swiftsoup",
      "kind" : "remoteSourceControl",
      "location" : "https://github.com/scinfu/SwiftSoup",
      "state" : {
        "revision" : "028487d4a8a291b2fe1b4392b5425b6172056148",
        "version" : "2.7.2"
      }
    },
    {
      "identity" : "swiftyjson",
      "kind" : "remoteSourceControl",
      "location" : "https://github.com/SwiftyJSON/SwiftyJSON",
      "state" : {
        "revision" : "2b6054efa051565954e1d2b9da831680026cd768",
        "version" : "4.3.0"
      }
    },
    {
      "identity" : "swiftystorekit",
      "kind" : "remoteSourceControl",
      "location" : "https://github.com/bizz84/SwiftyStoreKit",
      "state" : {
        "revision" : "9ce911639680113dac9b554d6243e406a9758ebe",
        "version" : "0.16.4"
      }
    }
  ],
  "version" : 3
}
