{
  "originHash" : "016059aa0d8e9d501c099f5abeb733a752b1251bdb2843eb5b15fabc89cd2a25",
  "pins" : [
    {
      "identity" : "_diagnosticsui",
      "kind" : "remoteSourceControl",
      "location" : "https://github.com/Darock-Studio/_DiagnosticsUI",
      "state" : {
        "branch" : "main",
        "revision" : "3c0f73cdbe11f7dc200b34e59f2ef16063aa405f"
      }
    },
    {
      "identity" : "aexml",
      "kind" : "remoteSourceControl",
      "location" : "https://github.com/tadija/AEXML",
      "state" : {
        "revision" : "db806756c989760b35108146381535aec231092b",
        "version" : "4.7.0"
      }
    },
    {
      "identity" : "alamofire",
      "kind" : "remoteSourceControl",
      "location" : "https://github.com/Alamofire/Alamofire",
      "state" : {
        "revision" : "513364f870f6bfc468f9d2ff0a95caccc10044c5",
        "version" : "5.10.2"
      }
    },
    {
      "identity" : "cache",
      "kind" : "remoteSourceControl",
      "location" : "https://github.com/hyperoslo/Cache",
      "state" : {
        "revision" : "24e47109e31b2031cb26e25cc1b81b607496066c",
        "version" : "7.4.0"
      }
    },
    {
      "identity" : "cepheus",
      "kind" : "remoteSourceControl",
      "location" : "https://github.com/Serene-Garden/Cepheus",
      "state" : {
        "revision" : "8fb14385f3b233cf381a9babb4524cbc444bbe9f",
        "version" : "3.1.0"
      }
    },
    {
      "identity" : "corvuskit",
      "kind" : "remoteSourceControl",
      "location" : "https://github.com/Darock-Studio/CorvusKit",
      "state" : {
        "branch" : "main",
        "revision" : "df7f095270fe54ba52e5c232bc0f326718f910f6"
      }
    },
    {
      "identity" : "darockaccountui",
      "kind" : "remoteSourceControl",
      "location" : "https://github.com/Darock-Studio/DarockAccountUI",
      "state" : {
        "branch" : "main",
        "revision" : "a8e8bafd65dfc3a178f3de5053c2434923fd4dc6"
      }
    },
    {
      "identity" : "darockfoundation",
      "kind" : "remoteSourceControl",
      "location" : "https://github.com/Darock-Studio/DarockFoundation",
      "state" : {
        "branch" : "main",
        "revision" : "217f002106f97eebac53765f24911ae1d9861ce7"
      }
    },
    {
      "identity" : "darockintelligencekit",
      "kind" : "remoteSourceControl",
      "location" : "https://github.com/Darock-Studio/DarockIntelligenceKit",
      "state" : {
        "branch" : "main",
        "revision" : "4052606961a40747b4adf4a14f7f12cf14f1a441"
      }
    },
    {
      "identity" : "darockui",
      "kind" : "remoteSourceControl",
      "location" : "https://github.com/Darock-Studio/DarockUI",
      "state" : {
        "branch" : "main",
        "revision" : "59bdb90db526f079f8630d712cb2930eb1a07b8c"
      }
    },
    {
      "identity" : "efqrcode",
      "kind" : "remoteSourceControl",
      "location" : "https://github.com/EFPrefix/EFQRCode",
      "state" : {
        "revision" : "3a6c5012f1a0df404a92e55bb01b4b685ff5a2d1",
        "version" : "6.2.2"
      }
    },
    {
      "identity" : "epubkit",
      "kind" : "remoteSourceControl",
      "location" : "https://github.com/witekbobrowski/EPUBKit",
      "state" : {
        "revision" : "c8148577adc407ab1d4fcd45ceb58b54fb96b344",
        "version" : "0.4.0"
      }
    },
    {
      "identity" : "libwebp-xcode",
      "kind" : "remoteSourceControl",
      "location" : "https://github.com/SDWebImage/libwebp-Xcode.git",
      "state" : {
        "revision" : "0d60654eeefd5d7d2bef3835804892c40225e8b2",
        "version" : "1.5.0"
      }
    },
    {
      "identity" : "marqueetext",
      "kind" : "remoteSourceControl",
      "location" : "https://github.com/joekndy/MarqueeText",
      "state" : {
        "revision" : "e18d514455563ad00581e0d825146c6f15b1c6c4"
      }
    },
    {
      "identity" : "networkimage",
      "kind" : "remoteSourceControl",
      "location" : "https://github.com/gonzalezreal/NetworkImage",
      "state" : {
        "revision" : "2849f5323265386e200484b0d0f896e73c3411b9",
        "version" : "6.0.1"
      }
    },
    {
      "identity" : "notifkit",
      "kind" : "remoteSourceControl",
      "location" : "https://github.com/Darock-Studio/NotifKit",
      "state" : {
        "branch" : "main",
        "revision" : "05e858c9cc3b0d6a72ab5c36586bd38cfaaa7c44"
      }
    },
    {
      "identity" : "pictor",
      "kind" : "remoteSourceControl",
      "location" : "https://github.com/Serene-Garden/Pictor",
      "state" : {
        "revision" : "b8a34956d3dc99e2b2b8b504df14c7a1e9d8948f",
        "version" : "1.3.1"
      }
    },
    {
      "identity" : "punycodeswift",
      "kind" : "remoteSourceControl",
      "location" : "https://github.com/gumob/PunycodeSwift",
      "state" : {
        "revision" : "30a462bdb4398ea835a3585472229e0d74b36ba5",
        "version" : "3.0.0"
      }
    },
    {
      "identity" : "radarkit",
      "kind" : "remoteSourceControl",
      "location" : "https://github.com/Darock-Studio/RadarKit/",
      "state" : {
        "branch" : "main",
        "revision" : "bcfaffa8b2acefe38f0282b398d6da68a23e394f"
      }
    },
    {
      "identity" : "radarkitcore",
      "kind" : "remoteSourceControl",
      "location" : "https://github.com/Darock-Studio/RadarKitCore",
      "state" : {
        "branch" : "main",
        "revision" : "3a74b5742d4fc2725244095bf4768c8eacdf8aea"
      }
    },
    {
      "identity" : "sdwebimage",
      "kind" : "remoteSourceControl",
      "location" : "https://github.com/SDWebImage/SDWebImage.git",
      "state" : {
        "revision" : "cac9a55a3ae92478a2c95042dcc8d9695d2129ca",
        "version" : "5.21.0"
      }
    },
    {
      "identity" : "sdwebimagepdfcoder",
      "kind" : "remoteSourceControl",
      "location" : "https://github.com/SDWebImage/SDWebImagePDFCoder",
      "state" : {
        "revision" : "2aecb0a16e4d054c7f36a140f7feef6e1ede7bb6",
        "version" : "1.0.1"
      }
    },
    {
      "identity" : "sdwebimagesvgcoder",
      "kind" : "remoteSourceControl",
      "location" : "https://github.com/SDWebImage/SDWebImageSVGCoder",
      "state" : {
        "revision" : "85b5d58ad02c207c496fa34426dc6560d6ae32f0",
        "version" : "1.8.0"
      }
    },
    {
      "identity" : "sdwebimageswiftui",
      "kind" : "remoteSourceControl",
      "location" : "https://github.com/SDWebImage/SDWebImageSwiftUI",
      "state" : {
        "revision" : "451c6dfd5ecec2cf626d1d9ca81c2d4a60355172",
        "version" : "3.1.3"
      }
    },
    {
      "identity" : "sdwebimagewebpcoder",
      "kind" : "remoteSourceControl",
      "location" : "https://github.com/SDWebImage/SDWebImageWebPCoder",
      "state" : {
        "revision" : "f534cfe830a7807ecc3d0332127a502426cfa067",
        "version" : "0.14.6"
      }
    },
    {
      "identity" : "swift-cmark",
      "kind" : "remoteSourceControl",
      "location" : "https://github.com/swiftlang/swift-cmark",
      "state" : {
        "revision" : "b022b08312decdc46585e0b3440d97f6f22ef703",
        "version" : "0.6.0"
      }
    },
    {
      "identity" : "swift-markdown-ui",
      "kind" : "remoteSourceControl",
      "location" : "https://github.com/gonzalezreal/swift-markdown-ui",
      "state" : {
        "revision" : "5f613358148239d0292c0cef674a3c2314737f9e",
        "version" : "2.4.1"
      }
    },
    {
      "identity" : "swift_qrcodejs",
      "kind" : "remoteSourceControl",
      "location" : "https://github.com/EFPrefix/swift_qrcodejs.git",
      "state" : {
        "revision" : "d1605333f7edac39b4518538ef4f2638fdd2e4d6",
        "version" : "2.3.1"
      }
    },
    {
      "identity" : "swiftsoup",
      "kind" : "remoteSourceControl",
      "location" : "https://github.com/scinfu/SwiftSoup",
      "state" : {
        "revision" : "028487d4a8a291b2fe1b4392b5425b6172056148",
        "version" : "2.7.2"
      }
    },
    {
      "identity" : "swiftyjson",
      "kind" : "remoteSourceControl",
      "location" : "https://github.com/SwiftyJSON/SwiftyJSON",
      "state" : {
        "revision" : "af76cf3ef710b6ca5f8c05f3a31307d44a3c5828",
        "version" : "5.0.2"
      }
    },
    {
      "identity" : "swiftystorekit",
      "kind" : "remoteSourceControl",
      "location" : "https://github.com/bizz84/SwiftyStoreKit",
      "state" : {
        "revision" : "9ce911639680113dac9b554d6243e406a9758ebe",
        "version" : "0.16.4"
      }
    },
    {
      "identity" : "vela",
      "kind" : "remoteSourceControl",
      "location" : "https://github.com/Serene-Garden/Vela",
      "state" : {
        "revision" : "bc7833befef3ea20b1b6594c15068d790c03ed10",
        "version" : "2.3.0"
      }
    },
    {
      "identity" : "vortex",
      "kind" : "remoteSourceControl",
      "location" : "https://github.com/twostraws/Vortex",
      "state" : {
        "revision" : "26e036c4f04efcc019c95d43bfeffeaefbef3c99",
        "version" : "1.0.3"
      }
    },
    {
      "identity" : "zip",
      "kind" : "remoteSourceControl",
      "location" : "https://github.com/marmelroy/Zip",
      "state" : {
        "revision" : "67fa55813b9e7b3b9acee9c0ae501def28746d76",
        "version" : "2.1.2"
      }
    }
  ],
  "version" : 3
}
